// !$*UTF8*$!
{
	archiveVersion = 1;
	classes = {
	};
	objectVersion = 46;
	objects = {

/* Begin PBXBuildFile section */
		7E06217015FB6F20006E3554 /* CWRecentReadingsPanelView.xib in Resources */ = {isa = PBXBuildFile; fileRef = 7E06216F15FB6F20006E3554 /* CWRecentReadingsPanelView.xib */; };
		7E1306921610CB91002F038E /* CWNotesDetailViewController.xib in Resources */ = {isa = PBXBuildFile; fileRef = 7E1306911610CB91002F038E /* CWNotesDetailViewController.xib */; };
		7E20B5E415FE326B004DBAC1 /* SLSlideMenuView.m in Sources */ = {isa = PBXBuildFile; fileRef = 7E20B5E315FE326B004DBAC1 /* SLSlideMenuView.m */; };
		7E20B5E715FE3339004DBAC1 /* SLSlideMenuView.xib in Resources */ = {isa = PBXBuildFile; fileRef = 7E20B5E615FE3339004DBAC1 /* SLSlideMenuView.xib */; };
		7E20B5EA15FE3477004DBAC1 /* SLSlideMenuController.m in Sources */ = {isa = PBXBuildFile; fileRef = 7E20B5E915FE3477004DBAC1 /* SLSlideMenuController.m */; };
		7E291F8116060E2200C7BD8E /* CWCourseReaderViewController.m in Sources */ = {isa = PBXBuildFile; fileRef = 7E291F7F16060E2200C7BD8E /* CWCourseReaderViewController.m */; };
		7E291F8216060E2200C7BD8E /* CWCourseReaderViewController.xib in Resources */ = {isa = PBXBuildFile; fileRef = 7E291F8016060E2200C7BD8E /* CWCourseReaderViewController.xib */; };
		7E291F861606119500C7BD8E /* CWBottomToolbar.m in Sources */ = {isa = PBXBuildFile; fileRef = 7E291F851606119500C7BD8E /* CWBottomToolbar.m */; };
		7E291F891606172100C7BD8E /* CWCourseReaderModel.m in Sources */ = {isa = PBXBuildFile; fileRef = 7E291F881606172100C7BD8E /* CWCourseReaderModel.m */; };
		7E291F901606181500C7BD8E /* CWUtilities.m in Sources */ = {isa = PBXBuildFile; fileRef = 7E291F8F1606181500C7BD8E /* CWUtilities.m */; };
		7E2F63D4160477020064605C /* CWCourseListingScreenModel.m in Sources */ = {isa = PBXBuildFile; fileRef = 7E2F63D3160477020064605C /* CWCourseListingScreenModel.m */; };
		7E30E2C915FC3A3E00422EEE /* CWCourseItem.m in Sources */ = {isa = PBXBuildFile; fileRef = 7E30E2C815FC3A3E00422EEE /* CWCourseItem.m */; };
		7E30E2D215FC3F0A00422EEE /* CWCourseManager.m in Sources */ = {isa = PBXBuildFile; fileRef = 7E30E2D115FC3F0A00422EEE /* CWCourseManager.m */; };
		7E30E2E215FC4BD700422EEE /* CWCourseListFileLoader.m in Sources */ = {isa = PBXBuildFile; fileRef = 7E30E2E115FC4BD700422EEE /* CWCourseListFileLoader.m */; };
		7E3C427116186E7700A788EB /* CWMessagingViewController.m in Sources */ = {isa = PBXBuildFile; fileRef = 7E3C426F16186E7700A788EB /* CWMessagingViewController.m */; };
		7E3C427216186E7700A788EB /* CWMessagingViewController.xib in Resources */ = {isa = PBXBuildFile; fileRef = 7E3C427016186E7700A788EB /* CWMessagingViewController.xib */; };
		7E3C42751618768700A788EB /* CWMessageDetailView.m in Sources */ = {isa = PBXBuildFile; fileRef = 7E3C42741618768700A788EB /* CWMessageDetailView.m */; };
		7E3C42771618769F00A788EB /* CWMessageDetailView.xib in Resources */ = {isa = PBXBuildFile; fileRef = 7E3C42761618769F00A788EB /* CWMessageDetailView.xib */; };
		7E3C427A1618782E00A788EB /* CWMessagingModel.m in Sources */ = {isa = PBXBuildFile; fileRef = 7E3C42791618782E00A788EB /* CWMessagingModel.m */; };
		7E3C427D161880A100A788EB /* CWMessagesManager.m in Sources */ = {isa = PBXBuildFile; fileRef = 7E3C427C161880A100A788EB /* CWMessagesManager.m */; };
		7E3C4280161885F600A788EB /* CWMessage.m in Sources */ = {isa = PBXBuildFile; fileRef = 7E3C427F161885F600A788EB /* CWMessage.m */; };
		7E3E7B9D160A229B00849255 /* CWCourseDocumentView.m in Sources */ = {isa = PBXBuildFile; fileRef = 7E3E7B9C160A229B00849255 /* CWCourseDocumentView.m */; };
		7E5E368116057E4B00EE508B /* CGPDFDocument.m in Sources */ = {isa = PBXBuildFile; fileRef = 7E5E365C16057E4B00EE508B /* CGPDFDocument.m */; };
		7E5E368216057E4B00EE508B /* ReaderConstants.m in Sources */ = {isa = PBXBuildFile; fileRef = 7E5E365E16057E4B00EE508B /* ReaderConstants.m */; };
		7E5E368316057E4B00EE508B /* ReaderContentPage.m in Sources */ = {isa = PBXBuildFile; fileRef = 7E5E366016057E4B00EE508B /* ReaderContentPage.m */; };
		7E5E368416057E4B00EE508B /* ReaderContentTile.m in Sources */ = {isa = PBXBuildFile; fileRef = 7E5E366216057E4B00EE508B /* ReaderContentTile.m */; };
		7E5E368516057E4B00EE508B /* ReaderContentView.m in Sources */ = {isa = PBXBuildFile; fileRef = 7E5E366416057E4B00EE508B /* ReaderContentView.m */; };
		7E5E368616057E4B00EE508B /* ReaderDocument.m in Sources */ = {isa = PBXBuildFile; fileRef = 7E5E366616057E4B00EE508B /* ReaderDocument.m */; };
		7E5E368716057E4B00EE508B /* ReaderMainPagebar.m in Sources */ = {isa = PBXBuildFile; fileRef = 7E5E366816057E4B00EE508B /* ReaderMainPagebar.m */; };
		7E5E368816057E4B00EE508B /* ReaderMainToolbar.m in Sources */ = {isa = PBXBuildFile; fileRef = 7E5E366A16057E4B00EE508B /* ReaderMainToolbar.m */; };
		7E5E368916057E4B00EE508B /* ReaderThumbCache.m in Sources */ = {isa = PBXBuildFile; fileRef = 7E5E366C16057E4B00EE508B /* ReaderThumbCache.m */; };
		7E5E368A16057E4B00EE508B /* ReaderThumbFetch.m in Sources */ = {isa = PBXBuildFile; fileRef = 7E5E366E16057E4B00EE508B /* ReaderThumbFetch.m */; };
		7E5E368B16057E4B00EE508B /* ReaderThumbQueue.m in Sources */ = {isa = PBXBuildFile; fileRef = 7E5E367016057E4B00EE508B /* ReaderThumbQueue.m */; };
		7E5E368C16057E4B00EE508B /* ReaderThumbRender.m in Sources */ = {isa = PBXBuildFile; fileRef = 7E5E367216057E4B00EE508B /* ReaderThumbRender.m */; };
		7E5E368D16057E4B00EE508B /* ReaderThumbRequest.m in Sources */ = {isa = PBXBuildFile; fileRef = 7E5E367416057E4B00EE508B /* ReaderThumbRequest.m */; };
		7E5E368E16057E4B00EE508B /* ReaderThumbsView.m in Sources */ = {isa = PBXBuildFile; fileRef = 7E5E367616057E4B00EE508B /* ReaderThumbsView.m */; };
		7E5E368F16057E4B00EE508B /* ReaderThumbView.m in Sources */ = {isa = PBXBuildFile; fileRef = 7E5E367816057E4B00EE508B /* ReaderThumbView.m */; };
		7E5E369016057E4B00EE508B /* ReaderViewController.m in Sources */ = {isa = PBXBuildFile; fileRef = 7E5E367A16057E4B00EE508B /* ReaderViewController.m */; };
		7E5E369116057E4B00EE508B /* ThumbsMainToolbar.m in Sources */ = {isa = PBXBuildFile; fileRef = 7E5E367C16057E4B00EE508B /* ThumbsMainToolbar.m */; };
		7E5E369216057E4B00EE508B /* ThumbsViewController.m in Sources */ = {isa = PBXBuildFile; fileRef = 7E5E367E16057E4B00EE508B /* ThumbsViewController.m */; };
		7E5E369316057E4B00EE508B /* UIXToolbarView.m in Sources */ = {isa = PBXBuildFile; fileRef = 7E5E368016057E4B00EE508B /* UIXToolbarView.m */; };
		7E5E369A16057E7D00EE508B /* ImageIO.framework in Frameworks */ = {isa = PBXBuildFile; fileRef = 7E5E369916057E7D00EE508B /* ImageIO.framework */; };
		7E5E369C16057E8800EE508B /* QuartzCore.framework in Frameworks */ = {isa = PBXBuildFile; fileRef = 7E5E369B16057E8800EE508B /* QuartzCore.framework */; };
		7E5E369E16057E9400EE508B /* QuickLook.framework in Frameworks */ = {isa = PBXBuildFile; fileRef = 7E5E369D16057E9400EE508B /* QuickLook.framework */; };
		7E5E36A416057ED000EE508B /* MessageUI.framework in Frameworks */ = {isa = PBXBuildFile; fileRef = 7E5E36A316057ED000EE508B /* MessageUI.framework */; };
		7E6E43931627386A00B43D7B /* Default-Landscape~ipad.png in Resources */ = {isa = PBXBuildFile; fileRef = 7E6E43921627386A00B43D7B /* Default-Landscape~ipad.png */; };
		7E6E43971627398900B43D7B /* icon-144.png in Resources */ = {isa = PBXBuildFile; fileRef = 7E6E43961627398900B43D7B /* icon-144.png */; };
		7E6E43991627398D00B43D7B /* icon-72.png in Resources */ = {isa = PBXBuildFile; fileRef = 7E6E43981627398D00B43D7B /* icon-72.png */; };
		7E71984B1609494600CA0F7D /* CWNavigationBarController.m in Sources */ = {isa = PBXBuildFile; fileRef = 7E71984A1609494600CA0F7D /* CWNavigationBarController.m */; };
		7E9B943E161741D200F39337 /* CWAccount.m in Sources */ = {isa = PBXBuildFile; fileRef = 7E9B943D161741D200F39337 /* CWAccount.m */; };
		7E9C850F15FAC873002AB343 /* CWAccountManager.m in Sources */ = {isa = PBXBuildFile; fileRef = 7E9C850E15FAC873002AB343 /* CWAccountManager.m */; };
		7E9C851215FAC8BC002AB343 /* SLCoreDataManager.m in Sources */ = {isa = PBXBuildFile; fileRef = 7E9C851115FAC8BC002AB343 /* SLCoreDataManager.m */; };
		7EAF486B15FB1019008ECDDE /* Courseware.bundle in Resources */ = {isa = PBXBuildFile; fileRef = 7EAF486A15FB1019008ECDDE /* Courseware.bundle */; };
		7EAF487015FB12AD008ECDDE /* CWUserStatusPanelView.xib in Resources */ = {isa = PBXBuildFile; fileRef = 7EAF486F15FB12AD008ECDDE /* CWUserStatusPanelView.xib */; };
		7EB6AB9D16210C890089ACC4 /* CWAccountManagerViewController.m in Sources */ = {isa = PBXBuildFile; fileRef = 7EB6AB9B16210C890089ACC4 /* CWAccountManagerViewController.m */; };
		7EB6AB9E16210C890089ACC4 /* CWAccountManagerViewController.xib in Resources */ = {isa = PBXBuildFile; fileRef = 7EB6AB9C16210C890089ACC4 /* CWAccountManagerViewController.xib */; };
		7EB6ABA216210C9C0089ACC4 /* CWSettingsViewController.m in Sources */ = {isa = PBXBuildFile; fileRef = 7EB6ABA016210C9C0089ACC4 /* CWSettingsViewController.m */; };
		7EB6ABA316210C9C0089ACC4 /* CWSettingsViewController.xib in Resources */ = {isa = PBXBuildFile; fileRef = 7EB6ABA116210C9C0089ACC4 /* CWSettingsViewController.xib */; };
		7EB6ABA716210CA70089ACC4 /* CWHelpViewController.m in Sources */ = {isa = PBXBuildFile; fileRef = 7EB6ABA516210CA70089ACC4 /* CWHelpViewController.m */; };
		7EB6ABA816210CA70089ACC4 /* CWHelpViewController.xib in Resources */ = {isa = PBXBuildFile; fileRef = 7EB6ABA616210CA70089ACC4 /* CWHelpViewController.xib */; };
		7EB6ABAB1621706C0089ACC4 /* SLTextInputAutoFocusHelper.m in Sources */ = {isa = PBXBuildFile; fileRef = 7EB6ABAA1621706C0089ACC4 /* SLTextInputAutoFocusHelper.m */; };
		7EBE28291625CB5A00742DFC /* CWEvaluationTestViewController.m in Sources */ = {isa = PBXBuildFile; fileRef = 7EBE28271625CB5A00742DFC /* CWEvaluationTestViewController.m */; };
		7EBE282A1625CB5A00742DFC /* CWEvaluationTestViewController.xib in Resources */ = {isa = PBXBuildFile; fileRef = 7EBE28281625CB5A00742DFC /* CWEvaluationTestViewController.xib */; };
		7EC8AD2F15FCA6AA00ED9E27 /* CWUserStatusPanelController.m in Sources */ = {isa = PBXBuildFile; fileRef = 7EC8AD2E15FCA6AA00ED9E27 /* CWUserStatusPanelController.m */; };
		7EC8AD3515FCA83200ED9E27 /* CWRecentReadingsPanelController.m in Sources */ = {isa = PBXBuildFile; fileRef = 7EC8AD3415FCA83200ED9E27 /* CWRecentReadingsPanelController.m */; };
		7EC8AD3815FCA95300ED9E27 /* CWConstants.m in Sources */ = {isa = PBXBuildFile; fileRef = 7EC8AD3715FCA95300ED9E27 /* CWConstants.m */; };
		7EC8AD3A15FCBFA700ED9E27 /* CWBrowserPaneView.xib in Resources */ = {isa = PBXBuildFile; fileRef = 7EC8AD3915FCBFA700ED9E27 /* CWBrowserPaneView.xib */; };
		7EC8AD3D15FCC84300ED9E27 /* CWBrowserPaneController.m in Sources */ = {isa = PBXBuildFile; fileRef = 7EC8AD3C15FCC84300ED9E27 /* CWBrowserPaneController.m */; };
		7ECB48DB15E9EF7C00F850E9 /* UIKit.framework in Frameworks */ = {isa = PBXBuildFile; fileRef = 7ECB48DA15E9EF7C00F850E9 /* UIKit.framework */; };
		7ECB48DD15E9EF7C00F850E9 /* Foundation.framework in Frameworks */ = {isa = PBXBuildFile; fileRef = 7ECB48DC15E9EF7C00F850E9 /* Foundation.framework */; };
		7ECB48DF15E9EF7C00F850E9 /* CoreGraphics.framework in Frameworks */ = {isa = PBXBuildFile; fileRef = 7ECB48DE15E9EF7C00F850E9 /* CoreGraphics.framework */; };
		7ECB48E115E9EF7C00F850E9 /* CoreData.framework in Frameworks */ = {isa = PBXBuildFile; fileRef = 7ECB48E015E9EF7C00F850E9 /* CoreData.framework */; };
		7ECB48E715E9EF7C00F850E9 /* InfoPlist.strings in Resources */ = {isa = PBXBuildFile; fileRef = 7ECB48E515E9EF7C00F850E9 /* InfoPlist.strings */; };
		7ECB48E915E9EF7C00F850E9 /* main.m in Sources */ = {isa = PBXBuildFile; fileRef = 7ECB48E815E9EF7C00F850E9 /* main.m */; };
		7ECB48ED15E9EF7C00F850E9 /* CWAppDelegate.m in Sources */ = {isa = PBXBuildFile; fileRef = 7ECB48EC15E9EF7C00F850E9 /* CWAppDelegate.m */; };
		7ECB48F015E9EF7C00F850E9 /* Courseware.xcdatamodeld in Sources */ = {isa = PBXBuildFile; fileRef = 7ECB48EE15E9EF7C00F850E9 /* Courseware.xcdatamodeld */; };
		7ECB490415E9EF7C00F850E9 /* SenTestingKit.framework in Frameworks */ = {isa = PBXBuildFile; fileRef = 7ECB490315E9EF7C00F850E9 /* SenTestingKit.framework */; };
		7ECB490515E9EF7C00F850E9 /* UIKit.framework in Frameworks */ = {isa = PBXBuildFile; fileRef = 7ECB48DA15E9EF7C00F850E9 /* UIKit.framework */; };
		7ECB490615E9EF7C00F850E9 /* Foundation.framework in Frameworks */ = {isa = PBXBuildFile; fileRef = 7ECB48DC15E9EF7C00F850E9 /* Foundation.framework */; };
		7ECB490715E9EF7C00F850E9 /* CoreData.framework in Frameworks */ = {isa = PBXBuildFile; fileRef = 7ECB48E015E9EF7C00F850E9 /* CoreData.framework */; };
		7ECB490F15E9EF7C00F850E9 /* InfoPlist.strings in Resources */ = {isa = PBXBuildFile; fileRef = 7ECB490D15E9EF7C00F850E9 /* InfoPlist.strings */; };
		7ECB491215E9EF7C00F850E9 /* CoursewareTests.m in Sources */ = {isa = PBXBuildFile; fileRef = 7ECB491115E9EF7C00F850E9 /* CoursewareTests.m */; };
		7EDA2ACA160D728300B40202 /* CWBottomToolbarController.m in Sources */ = {isa = PBXBuildFile; fileRef = 7EDA2AC9160D728300B40202 /* CWBottomToolbarController.m */; };
		7EDA2AD1160D758B00B40202 /* CWNotesListViewController.m in Sources */ = {isa = PBXBuildFile; fileRef = 7EDA2ACF160D758B00B40202 /* CWNotesListViewController.m */; };
		7EDA2AD2160D758B00B40202 /* CWNotesListViewController.xib in Resources */ = {isa = PBXBuildFile; fileRef = 7EDA2AD0160D758B00B40202 /* CWNotesListViewController.xib */; };
		7EDA2ADB160D802300B40202 /* CWNote.m in Sources */ = {isa = PBXBuildFile; fileRef = 7EDA2ADA160D802300B40202 /* CWNote.m */; };
		7EDA2AE7160D86B800B40202 /* CWNotesManager.m in Sources */ = {isa = PBXBuildFile; fileRef = 7EDA2AE6160D86B800B40202 /* CWNotesManager.m */; };
		7EEB7C4B15F2D834009DAE94 /* CWUserLoginViewController.m in Sources */ = {isa = PBXBuildFile; fileRef = 7EEB7C4915F2D834009DAE94 /* CWUserLoginViewController.m */; };
		7EEB7C4C15F2D834009DAE94 /* CWUserLoginViewController.xib in Resources */ = {isa = PBXBuildFile; fileRef = 7EEB7C4A15F2D834009DAE94 /* CWUserLoginViewController.xib */; };
		7EED6207160DDCB400E688B6 /* CWNotesListingModel.m in Sources */ = {isa = PBXBuildFile; fileRef = 7EED6206160DDCB400E688B6 /* CWNotesListingModel.m */; };
		7EED6210160E010700E688B6 /* CWNotesDetailViewController.m in Sources */ = {isa = PBXBuildFile; fileRef = 7EED620F160E010700E688B6 /* CWNotesDetailViewController.m */; };
		7EEF0E7115FF916A00122C0F /* CWCourseListingViewController.m in Sources */ = {isa = PBXBuildFile; fileRef = 7EEF0E6F15FF916A00122C0F /* CWCourseListingViewController.m */; };
		7EEF0E7215FF916A00122C0F /* CWCourseListingViewController.xib in Resources */ = {isa = PBXBuildFile; fileRef = 7EEF0E7015FF916A00122C0F /* CWCourseListingViewController.xib */; };
		7EFA3578160E11A600936F45 /* CWNotesDetailModel.m in Sources */ = {isa = PBXBuildFile; fileRef = 7EFA3577160E11A600936F45 /* CWNotesDetailModel.m */; };
		7EFBF7C915FADF13001CCCB2 /* NSString+SLUtilities.m in Sources */ = {isa = PBXBuildFile; fileRef = 7EFBF7C815FADF13001CCCB2 /* NSString+SLUtilities.m */; };
		7EFBF7CE15FAF14A001CCCB2 /* CWHomeViewController.m in Sources */ = {isa = PBXBuildFile; fileRef = 7EFBF7CC15FAF14A001CCCB2 /* CWHomeViewController.m */; };
		7EFBF7CF15FAF14A001CCCB2 /* CWHomeViewController.xib in Resources */ = {isa = PBXBuildFile; fileRef = 7EFBF7CD15FAF14A001CCCB2 /* CWHomeViewController.xib */; };
		7EFBF7D415FAF429001CCCB2 /* CWNavigationBar.m in Sources */ = {isa = PBXBuildFile; fileRef = 7EFBF7D315FAF429001CCCB2 /* CWNavigationBar.m */; };
		7EFBF7D715FAF4B4001CCCB2 /* CWBrowserPaneView.m in Sources */ = {isa = PBXBuildFile; fileRef = 7EFBF7D615FAF4B4001CCCB2 /* CWBrowserPaneView.m */; };
		7EFBF7DA15FAF65B001CCCB2 /* CWUserStatusPanelView.m in Sources */ = {isa = PBXBuildFile; fileRef = 7EFBF7D915FAF65B001CCCB2 /* CWUserStatusPanelView.m */; };
		7EFBF7DD15FAF8E8001CCCB2 /* CWRecentReadingsPanelView.m in Sources */ = {isa = PBXBuildFile; fileRef = 7EFBF7DC15FAF8E8001CCCB2 /* CWRecentReadingsPanelView.m */; };
		7EFE1B0D16136DFE00D36412 /* CWLibraryBrowserViewController.m in Sources */ = {isa = PBXBuildFile; fileRef = 7EFE1B0B16136DFE00D36412 /* CWLibraryBrowserViewController.m */; };
		7EFE1B0E16136DFE00D36412 /* CWLibraryBrowserViewController.xib in Resources */ = {isa = PBXBuildFile; fileRef = 7EFE1B0C16136DFE00D36412 /* CWLibraryBrowserViewController.xib */; };
		7EFE1B121613711300D36412 /* GMGridView.m in Sources */ = {isa = PBXBuildFile; fileRef = 7EFE1B111613711300D36412 /* GMGridView.m */; };
		7EFE1B1D161372DD00D36412 /* GMGridViewCell.m in Sources */ = {isa = PBXBuildFile; fileRef = 7EFE1B15161372DD00D36412 /* GMGridViewCell.m */; };
		7EFE1B1E161372DD00D36412 /* GMGridViewLayoutStrategies.m in Sources */ = {isa = PBXBuildFile; fileRef = 7EFE1B18161372DD00D36412 /* GMGridViewLayoutStrategies.m */; };
		7EFE1B1F161372DD00D36412 /* UIGestureRecognizer+GMGridViewAdditions.m in Sources */ = {isa = PBXBuildFile; fileRef = 7EFE1B1A161372DD00D36412 /* UIGestureRecognizer+GMGridViewAdditions.m */; };
		7EFE1B20161372DD00D36412 /* UIView+GMGridViewAdditions.m in Sources */ = {isa = PBXBuildFile; fileRef = 7EFE1B1C161372DD00D36412 /* UIView+GMGridViewAdditions.m */; };
/* End PBXBuildFile section */

/* Begin PBXContainerItemProxy section */
		7ECB490815E9EF7C00F850E9 /* PBXContainerItemProxy */ = {
			isa = PBXContainerItemProxy;
			containerPortal = 7ECB48CD15E9EF7C00F850E9 /* Project object */;
			proxyType = 1;
			remoteGlobalIDString = 7ECB48D515E9EF7C00F850E9;
			remoteInfo = Courseware;
		};
/* End PBXContainerItemProxy section */

/* Begin PBXFileReference section */
		7E06216F15FB6F20006E3554 /* CWRecentReadingsPanelView.xib */ = {isa = PBXFileReference; fileEncoding = 4; lastKnownFileType = file.xib; path = CWRecentReadingsPanelView.xib; sourceTree = "<group>"; };
		7E1306911610CB91002F038E /* CWNotesDetailViewController.xib */ = {isa = PBXFileReference; fileEncoding = 4; lastKnownFileType = file.xib; path = CWNotesDetailViewController.xib; sourceTree = "<group>"; };
		7E20B5E215FE326B004DBAC1 /* SLSlideMenuView.h */ = {isa = PBXFileReference; fileEncoding = 4; lastKnownFileType = sourcecode.c.h; path = SLSlideMenuView.h; sourceTree = "<group>"; };
		7E20B5E315FE326B004DBAC1 /* SLSlideMenuView.m */ = {isa = PBXFileReference; fileEncoding = 4; lastKnownFileType = sourcecode.c.objc; path = SLSlideMenuView.m; sourceTree = "<group>"; };
		7E20B5E615FE3339004DBAC1 /* SLSlideMenuView.xib */ = {isa = PBXFileReference; fileEncoding = 4; lastKnownFileType = file.xib; path = SLSlideMenuView.xib; sourceTree = "<group>"; };
		7E20B5E815FE3477004DBAC1 /* SLSlideMenuController.h */ = {isa = PBXFileReference; fileEncoding = 4; lastKnownFileType = sourcecode.c.h; path = SLSlideMenuController.h; sourceTree = "<group>"; };
		7E20B5E915FE3477004DBAC1 /* SLSlideMenuController.m */ = {isa = PBXFileReference; fileEncoding = 4; lastKnownFileType = sourcecode.c.objc; path = SLSlideMenuController.m; sourceTree = "<group>"; };
		7E291F7E16060E2200C7BD8E /* CWCourseReaderViewController.h */ = {isa = PBXFileReference; fileEncoding = 4; lastKnownFileType = sourcecode.c.h; path = CWCourseReaderViewController.h; sourceTree = "<group>"; };
		7E291F7F16060E2200C7BD8E /* CWCourseReaderViewController.m */ = {isa = PBXFileReference; fileEncoding = 4; lastKnownFileType = sourcecode.c.objc; path = CWCourseReaderViewController.m; sourceTree = "<group>"; };
		7E291F8016060E2200C7BD8E /* CWCourseReaderViewController.xib */ = {isa = PBXFileReference; fileEncoding = 4; lastKnownFileType = file.xib; path = CWCourseReaderViewController.xib; sourceTree = "<group>"; };
		7E291F841606119500C7BD8E /* CWBottomToolbar.h */ = {isa = PBXFileReference; fileEncoding = 4; lastKnownFileType = sourcecode.c.h; path = CWBottomToolbar.h; sourceTree = "<group>"; };
		7E291F851606119500C7BD8E /* CWBottomToolbar.m */ = {isa = PBXFileReference; fileEncoding = 4; lastKnownFileType = sourcecode.c.objc; path = CWBottomToolbar.m; sourceTree = "<group>"; };
		7E291F871606172100C7BD8E /* CWCourseReaderModel.h */ = {isa = PBXFileReference; fileEncoding = 4; lastKnownFileType = sourcecode.c.h; path = CWCourseReaderModel.h; sourceTree = "<group>"; };
		7E291F881606172100C7BD8E /* CWCourseReaderModel.m */ = {isa = PBXFileReference; fileEncoding = 4; lastKnownFileType = sourcecode.c.objc; path = CWCourseReaderModel.m; sourceTree = "<group>"; };
		7E291F8E1606181500C7BD8E /* CWUtilities.h */ = {isa = PBXFileReference; fileEncoding = 4; lastKnownFileType = sourcecode.c.h; path = CWUtilities.h; sourceTree = "<group>"; };
		7E291F8F1606181500C7BD8E /* CWUtilities.m */ = {isa = PBXFileReference; fileEncoding = 4; lastKnownFileType = sourcecode.c.objc; path = CWUtilities.m; sourceTree = "<group>"; };
		7E2F63D2160477020064605C /* CWCourseListingScreenModel.h */ = {isa = PBXFileReference; fileEncoding = 4; lastKnownFileType = sourcecode.c.h; path = CWCourseListingScreenModel.h; sourceTree = "<group>"; };
		7E2F63D3160477020064605C /* CWCourseListingScreenModel.m */ = {isa = PBXFileReference; fileEncoding = 4; lastKnownFileType = sourcecode.c.objc; path = CWCourseListingScreenModel.m; sourceTree = "<group>"; };
		7E30E2C715FC3A3D00422EEE /* CWCourseItem.h */ = {isa = PBXFileReference; fileEncoding = 4; lastKnownFileType = sourcecode.c.h; path = CWCourseItem.h; sourceTree = "<group>"; };
		7E30E2C815FC3A3E00422EEE /* CWCourseItem.m */ = {isa = PBXFileReference; fileEncoding = 4; lastKnownFileType = sourcecode.c.objc; path = CWCourseItem.m; sourceTree = "<group>"; };
		7E30E2D015FC3F0A00422EEE /* CWCourseManager.h */ = {isa = PBXFileReference; fileEncoding = 4; lastKnownFileType = sourcecode.c.h; path = CWCourseManager.h; sourceTree = "<group>"; };
		7E30E2D115FC3F0A00422EEE /* CWCourseManager.m */ = {isa = PBXFileReference; fileEncoding = 4; lastKnownFileType = sourcecode.c.objc; path = CWCourseManager.m; sourceTree = "<group>"; };
		7E30E2E015FC4BD700422EEE /* CWCourseListFileLoader.h */ = {isa = PBXFileReference; fileEncoding = 4; lastKnownFileType = sourcecode.c.h; path = CWCourseListFileLoader.h; sourceTree = "<group>"; };
		7E30E2E115FC4BD700422EEE /* CWCourseListFileLoader.m */ = {isa = PBXFileReference; fileEncoding = 4; lastKnownFileType = sourcecode.c.objc; path = CWCourseListFileLoader.m; sourceTree = "<group>"; };
		7E3C426E16186E7700A788EB /* CWMessagingViewController.h */ = {isa = PBXFileReference; fileEncoding = 4; lastKnownFileType = sourcecode.c.h; path = CWMessagingViewController.h; sourceTree = "<group>"; };
		7E3C426F16186E7700A788EB /* CWMessagingViewController.m */ = {isa = PBXFileReference; fileEncoding = 4; lastKnownFileType = sourcecode.c.objc; path = CWMessagingViewController.m; sourceTree = "<group>"; };
		7E3C427016186E7700A788EB /* CWMessagingViewController.xib */ = {isa = PBXFileReference; fileEncoding = 4; lastKnownFileType = file.xib; path = CWMessagingViewController.xib; sourceTree = "<group>"; };
		7E3C42731618768700A788EB /* CWMessageDetailView.h */ = {isa = PBXFileReference; fileEncoding = 4; lastKnownFileType = sourcecode.c.h; path = CWMessageDetailView.h; sourceTree = "<group>"; };
		7E3C42741618768700A788EB /* CWMessageDetailView.m */ = {isa = PBXFileReference; fileEncoding = 4; lastKnownFileType = sourcecode.c.objc; path = CWMessageDetailView.m; sourceTree = "<group>"; };
		7E3C42761618769F00A788EB /* CWMessageDetailView.xib */ = {isa = PBXFileReference; fileEncoding = 4; lastKnownFileType = file.xib; path = CWMessageDetailView.xib; sourceTree = "<group>"; };
		7E3C42781618782E00A788EB /* CWMessagingModel.h */ = {isa = PBXFileReference; fileEncoding = 4; lastKnownFileType = sourcecode.c.h; path = CWMessagingModel.h; sourceTree = "<group>"; };
		7E3C42791618782E00A788EB /* CWMessagingModel.m */ = {isa = PBXFileReference; fileEncoding = 4; lastKnownFileType = sourcecode.c.objc; path = CWMessagingModel.m; sourceTree = "<group>"; };
		7E3C427B161880A100A788EB /* CWMessagesManager.h */ = {isa = PBXFileReference; fileEncoding = 4; lastKnownFileType = sourcecode.c.h; path = CWMessagesManager.h; sourceTree = "<group>"; };
		7E3C427C161880A100A788EB /* CWMessagesManager.m */ = {isa = PBXFileReference; fileEncoding = 4; lastKnownFileType = sourcecode.c.objc; path = CWMessagesManager.m; sourceTree = "<group>"; };
		7E3C427E161885F500A788EB /* CWMessage.h */ = {isa = PBXFileReference; fileEncoding = 4; lastKnownFileType = sourcecode.c.h; path = CWMessage.h; sourceTree = "<group>"; };
		7E3C427F161885F600A788EB /* CWMessage.m */ = {isa = PBXFileReference; fileEncoding = 4; lastKnownFileType = sourcecode.c.objc; path = CWMessage.m; sourceTree = "<group>"; };
		7E3E7B9B160A229B00849255 /* CWCourseDocumentView.h */ = {isa = PBXFileReference; fileEncoding = 4; lastKnownFileType = sourcecode.c.h; path = CWCourseDocumentView.h; sourceTree = "<group>"; };
		7E3E7B9C160A229B00849255 /* CWCourseDocumentView.m */ = {isa = PBXFileReference; fileEncoding = 4; lastKnownFileType = sourcecode.c.objc; path = CWCourseDocumentView.m; sourceTree = "<group>"; };
		7E5E365B16057E4B00EE508B /* CGPDFDocument.h */ = {isa = PBXFileReference; fileEncoding = 4; lastKnownFileType = sourcecode.c.h; path = CGPDFDocument.h; sourceTree = "<group>"; };
		7E5E365C16057E4B00EE508B /* CGPDFDocument.m */ = {isa = PBXFileReference; fileEncoding = 4; lastKnownFileType = sourcecode.c.objc; path = CGPDFDocument.m; sourceTree = "<group>"; };
		7E5E365D16057E4B00EE508B /* ReaderConstants.h */ = {isa = PBXFileReference; fileEncoding = 4; lastKnownFileType = sourcecode.c.h; path = ReaderConstants.h; sourceTree = "<group>"; };
		7E5E365E16057E4B00EE508B /* ReaderConstants.m */ = {isa = PBXFileReference; fileEncoding = 4; lastKnownFileType = sourcecode.c.objc; path = ReaderConstants.m; sourceTree = "<group>"; };
		7E5E365F16057E4B00EE508B /* ReaderContentPage.h */ = {isa = PBXFileReference; fileEncoding = 4; lastKnownFileType = sourcecode.c.h; path = ReaderContentPage.h; sourceTree = "<group>"; };
		7E5E366016057E4B00EE508B /* ReaderContentPage.m */ = {isa = PBXFileReference; fileEncoding = 4; lastKnownFileType = sourcecode.c.objc; path = ReaderContentPage.m; sourceTree = "<group>"; };
		7E5E366116057E4B00EE508B /* ReaderContentTile.h */ = {isa = PBXFileReference; fileEncoding = 4; lastKnownFileType = sourcecode.c.h; path = ReaderContentTile.h; sourceTree = "<group>"; };
		7E5E366216057E4B00EE508B /* ReaderContentTile.m */ = {isa = PBXFileReference; fileEncoding = 4; lastKnownFileType = sourcecode.c.objc; path = ReaderContentTile.m; sourceTree = "<group>"; };
		7E5E366316057E4B00EE508B /* ReaderContentView.h */ = {isa = PBXFileReference; fileEncoding = 4; lastKnownFileType = sourcecode.c.h; path = ReaderContentView.h; sourceTree = "<group>"; };
		7E5E366416057E4B00EE508B /* ReaderContentView.m */ = {isa = PBXFileReference; fileEncoding = 4; lastKnownFileType = sourcecode.c.objc; path = ReaderContentView.m; sourceTree = "<group>"; };
		7E5E366516057E4B00EE508B /* ReaderDocument.h */ = {isa = PBXFileReference; fileEncoding = 4; lastKnownFileType = sourcecode.c.h; path = ReaderDocument.h; sourceTree = "<group>"; };
		7E5E366616057E4B00EE508B /* ReaderDocument.m */ = {isa = PBXFileReference; fileEncoding = 4; lastKnownFileType = sourcecode.c.objc; path = ReaderDocument.m; sourceTree = "<group>"; };
		7E5E366716057E4B00EE508B /* ReaderMainPagebar.h */ = {isa = PBXFileReference; fileEncoding = 4; lastKnownFileType = sourcecode.c.h; path = ReaderMainPagebar.h; sourceTree = "<group>"; };
		7E5E366816057E4B00EE508B /* ReaderMainPagebar.m */ = {isa = PBXFileReference; fileEncoding = 4; lastKnownFileType = sourcecode.c.objc; path = ReaderMainPagebar.m; sourceTree = "<group>"; };
		7E5E366916057E4B00EE508B /* ReaderMainToolbar.h */ = {isa = PBXFileReference; fileEncoding = 4; lastKnownFileType = sourcecode.c.h; path = ReaderMainToolbar.h; sourceTree = "<group>"; };
		7E5E366A16057E4B00EE508B /* ReaderMainToolbar.m */ = {isa = PBXFileReference; fileEncoding = 4; lastKnownFileType = sourcecode.c.objc; path = ReaderMainToolbar.m; sourceTree = "<group>"; };
		7E5E366B16057E4B00EE508B /* ReaderThumbCache.h */ = {isa = PBXFileReference; fileEncoding = 4; lastKnownFileType = sourcecode.c.h; path = ReaderThumbCache.h; sourceTree = "<group>"; };
		7E5E366C16057E4B00EE508B /* ReaderThumbCache.m */ = {isa = PBXFileReference; fileEncoding = 4; lastKnownFileType = sourcecode.c.objc; path = ReaderThumbCache.m; sourceTree = "<group>"; };
		7E5E366D16057E4B00EE508B /* ReaderThumbFetch.h */ = {isa = PBXFileReference; fileEncoding = 4; lastKnownFileType = sourcecode.c.h; path = ReaderThumbFetch.h; sourceTree = "<group>"; };
		7E5E366E16057E4B00EE508B /* ReaderThumbFetch.m */ = {isa = PBXFileReference; fileEncoding = 4; lastKnownFileType = sourcecode.c.objc; path = ReaderThumbFetch.m; sourceTree = "<group>"; };
		7E5E366F16057E4B00EE508B /* ReaderThumbQueue.h */ = {isa = PBXFileReference; fileEncoding = 4; lastKnownFileType = sourcecode.c.h; path = ReaderThumbQueue.h; sourceTree = "<group>"; };
		7E5E367016057E4B00EE508B /* ReaderThumbQueue.m */ = {isa = PBXFileReference; fileEncoding = 4; lastKnownFileType = sourcecode.c.objc; path = ReaderThumbQueue.m; sourceTree = "<group>"; };
		7E5E367116057E4B00EE508B /* ReaderThumbRender.h */ = {isa = PBXFileReference; fileEncoding = 4; lastKnownFileType = sourcecode.c.h; path = ReaderThumbRender.h; sourceTree = "<group>"; };
		7E5E367216057E4B00EE508B /* ReaderThumbRender.m */ = {isa = PBXFileReference; fileEncoding = 4; lastKnownFileType = sourcecode.c.objc; path = ReaderThumbRender.m; sourceTree = "<group>"; };
		7E5E367316057E4B00EE508B /* ReaderThumbRequest.h */ = {isa = PBXFileReference; fileEncoding = 4; lastKnownFileType = sourcecode.c.h; path = ReaderThumbRequest.h; sourceTree = "<group>"; };
		7E5E367416057E4B00EE508B /* ReaderThumbRequest.m */ = {isa = PBXFileReference; fileEncoding = 4; lastKnownFileType = sourcecode.c.objc; path = ReaderThumbRequest.m; sourceTree = "<group>"; };
		7E5E367516057E4B00EE508B /* ReaderThumbsView.h */ = {isa = PBXFileReference; fileEncoding = 4; lastKnownFileType = sourcecode.c.h; path = ReaderThumbsView.h; sourceTree = "<group>"; };
		7E5E367616057E4B00EE508B /* ReaderThumbsView.m */ = {isa = PBXFileReference; fileEncoding = 4; lastKnownFileType = sourcecode.c.objc; path = ReaderThumbsView.m; sourceTree = "<group>"; };
		7E5E367716057E4B00EE508B /* ReaderThumbView.h */ = {isa = PBXFileReference; fileEncoding = 4; lastKnownFileType = sourcecode.c.h; path = ReaderThumbView.h; sourceTree = "<group>"; };
		7E5E367816057E4B00EE508B /* ReaderThumbView.m */ = {isa = PBXFileReference; fileEncoding = 4; lastKnownFileType = sourcecode.c.objc; path = ReaderThumbView.m; sourceTree = "<group>"; };
		7E5E367916057E4B00EE508B /* ReaderViewController.h */ = {isa = PBXFileReference; fileEncoding = 4; lastKnownFileType = sourcecode.c.h; path = ReaderViewController.h; sourceTree = "<group>"; };
		7E5E367A16057E4B00EE508B /* ReaderViewController.m */ = {isa = PBXFileReference; fileEncoding = 4; lastKnownFileType = sourcecode.c.objc; path = ReaderViewController.m; sourceTree = "<group>"; };
		7E5E367B16057E4B00EE508B /* ThumbsMainToolbar.h */ = {isa = PBXFileReference; fileEncoding = 4; lastKnownFileType = sourcecode.c.h; path = ThumbsMainToolbar.h; sourceTree = "<group>"; };
		7E5E367C16057E4B00EE508B /* ThumbsMainToolbar.m */ = {isa = PBXFileReference; fileEncoding = 4; lastKnownFileType = sourcecode.c.objc; path = ThumbsMainToolbar.m; sourceTree = "<group>"; };
		7E5E367D16057E4B00EE508B /* ThumbsViewController.h */ = {isa = PBXFileReference; fileEncoding = 4; lastKnownFileType = sourcecode.c.h; path = ThumbsViewController.h; sourceTree = "<group>"; };
		7E5E367E16057E4B00EE508B /* ThumbsViewController.m */ = {isa = PBXFileReference; fileEncoding = 4; lastKnownFileType = sourcecode.c.objc; path = ThumbsViewController.m; sourceTree = "<group>"; };
		7E5E367F16057E4B00EE508B /* UIXToolbarView.h */ = {isa = PBXFileReference; fileEncoding = 4; lastKnownFileType = sourcecode.c.h; path = UIXToolbarView.h; sourceTree = "<group>"; };
		7E5E368016057E4B00EE508B /* UIXToolbarView.m */ = {isa = PBXFileReference; fileEncoding = 4; lastKnownFileType = sourcecode.c.objc; path = UIXToolbarView.m; sourceTree = "<group>"; };
		7E5E369916057E7D00EE508B /* ImageIO.framework */ = {isa = PBXFileReference; lastKnownFileType = wrapper.framework; name = ImageIO.framework; path = System/Library/Frameworks/ImageIO.framework; sourceTree = SDKROOT; };
		7E5E369B16057E8800EE508B /* QuartzCore.framework */ = {isa = PBXFileReference; lastKnownFileType = wrapper.framework; name = QuartzCore.framework; path = System/Library/Frameworks/QuartzCore.framework; sourceTree = SDKROOT; };
		7E5E369D16057E9400EE508B /* QuickLook.framework */ = {isa = PBXFileReference; lastKnownFileType = wrapper.framework; name = QuickLook.framework; path = System/Library/Frameworks/QuickLook.framework; sourceTree = SDKROOT; };
		7E5E36A316057ED000EE508B /* MessageUI.framework */ = {isa = PBXFileReference; lastKnownFileType = wrapper.framework; name = MessageUI.framework; path = System/Library/Frameworks/MessageUI.framework; sourceTree = SDKROOT; };
		7E6E43921627386A00B43D7B /* Default-Landscape~ipad.png */ = {isa = PBXFileReference; lastKnownFileType = image.png; path = "Default-Landscape~ipad.png"; sourceTree = "<group>"; };
		7E6E43961627398900B43D7B /* icon-144.png */ = {isa = PBXFileReference; lastKnownFileType = image.png; path = "icon-144.png"; sourceTree = "<group>"; };
		7E6E43981627398D00B43D7B /* icon-72.png */ = {isa = PBXFileReference; lastKnownFileType = image.png; path = "icon-72.png"; sourceTree = "<group>"; };
		7E7198491609494600CA0F7D /* CWNavigationBarController.h */ = {isa = PBXFileReference; fileEncoding = 4; lastKnownFileType = sourcecode.c.h; path = CWNavigationBarController.h; sourceTree = "<group>"; };
		7E71984A1609494600CA0F7D /* CWNavigationBarController.m */ = {isa = PBXFileReference; fileEncoding = 4; lastKnownFileType = sourcecode.c.objc; path = CWNavigationBarController.m; sourceTree = "<group>"; };
		7E9B943C161741D200F39337 /* CWAccount.h */ = {isa = PBXFileReference; fileEncoding = 4; lastKnownFileType = sourcecode.c.h; path = CWAccount.h; sourceTree = "<group>"; };
		7E9B943D161741D200F39337 /* CWAccount.m */ = {isa = PBXFileReference; fileEncoding = 4; lastKnownFileType = sourcecode.c.objc; path = CWAccount.m; sourceTree = "<group>"; };
		7E9C850D15FAC873002AB343 /* CWAccountManager.h */ = {isa = PBXFileReference; fileEncoding = 4; lastKnownFileType = sourcecode.c.h; path = CWAccountManager.h; sourceTree = "<group>"; };
		7E9C850E15FAC873002AB343 /* CWAccountManager.m */ = {isa = PBXFileReference; fileEncoding = 4; lastKnownFileType = sourcecode.c.objc; path = CWAccountManager.m; sourceTree = "<group>"; };
		7E9C851015FAC8BC002AB343 /* SLCoreDataManager.h */ = {isa = PBXFileReference; fileEncoding = 4; lastKnownFileType = sourcecode.c.h; path = SLCoreDataManager.h; sourceTree = "<group>"; };
		7E9C851115FAC8BC002AB343 /* SLCoreDataManager.m */ = {isa = PBXFileReference; fileEncoding = 4; lastKnownFileType = sourcecode.c.objc; path = SLCoreDataManager.m; sourceTree = "<group>"; };
		7EAF486A15FB1019008ECDDE /* Courseware.bundle */ = {isa = PBXFileReference; lastKnownFileType = "wrapper.plug-in"; path = Courseware.bundle; sourceTree = "<group>"; };
		7EAF486F15FB12AD008ECDDE /* CWUserStatusPanelView.xib */ = {isa = PBXFileReference; fileEncoding = 4; lastKnownFileType = file.xib; path = CWUserStatusPanelView.xib; sourceTree = "<group>"; };
		7EB6AB9A16210C890089ACC4 /* CWAccountManagerViewController.h */ = {isa = PBXFileReference; fileEncoding = 4; lastKnownFileType = sourcecode.c.h; path = CWAccountManagerViewController.h; sourceTree = "<group>"; };
		7EB6AB9B16210C890089ACC4 /* CWAccountManagerViewController.m */ = {isa = PBXFileReference; fileEncoding = 4; lastKnownFileType = sourcecode.c.objc; path = CWAccountManagerViewController.m; sourceTree = "<group>"; };
		7EB6AB9C16210C890089ACC4 /* CWAccountManagerViewController.xib */ = {isa = PBXFileReference; fileEncoding = 4; lastKnownFileType = file.xib; path = CWAccountManagerViewController.xib; sourceTree = "<group>"; };
		7EB6AB9F16210C9C0089ACC4 /* CWSettingsViewController.h */ = {isa = PBXFileReference; fileEncoding = 4; lastKnownFileType = sourcecode.c.h; path = CWSettingsViewController.h; sourceTree = "<group>"; };
		7EB6ABA016210C9C0089ACC4 /* CWSettingsViewController.m */ = {isa = PBXFileReference; fileEncoding = 4; lastKnownFileType = sourcecode.c.objc; path = CWSettingsViewController.m; sourceTree = "<group>"; };
		7EB6ABA116210C9C0089ACC4 /* CWSettingsViewController.xib */ = {isa = PBXFileReference; fileEncoding = 4; lastKnownFileType = file.xib; path = CWSettingsViewController.xib; sourceTree = "<group>"; };
		7EB6ABA416210CA70089ACC4 /* CWHelpViewController.h */ = {isa = PBXFileReference; fileEncoding = 4; lastKnownFileType = sourcecode.c.h; path = CWHelpViewController.h; sourceTree = "<group>"; };
		7EB6ABA516210CA70089ACC4 /* CWHelpViewController.m */ = {isa = PBXFileReference; fileEncoding = 4; lastKnownFileType = sourcecode.c.objc; path = CWHelpViewController.m; sourceTree = "<group>"; };
		7EB6ABA616210CA70089ACC4 /* CWHelpViewController.xib */ = {isa = PBXFileReference; fileEncoding = 4; lastKnownFileType = file.xib; path = CWHelpViewController.xib; sourceTree = "<group>"; };
		7EB6ABA91621706C0089ACC4 /* SLTextInputAutoFocusHelper.h */ = {isa = PBXFileReference; fileEncoding = 4; lastKnownFileType = sourcecode.c.h; path = SLTextInputAutoFocusHelper.h; sourceTree = "<group>"; };
		7EB6ABAA1621706C0089ACC4 /* SLTextInputAutoFocusHelper.m */ = {isa = PBXFileReference; fileEncoding = 4; lastKnownFileType = sourcecode.c.objc; path = SLTextInputAutoFocusHelper.m; sourceTree = "<group>"; };
		7EBE28261625CB5A00742DFC /* CWEvaluationTestViewController.h */ = {isa = PBXFileReference; fileEncoding = 4; lastKnownFileType = sourcecode.c.h; path = CWEvaluationTestViewController.h; sourceTree = "<group>"; };
		7EBE28271625CB5A00742DFC /* CWEvaluationTestViewController.m */ = {isa = PBXFileReference; fileEncoding = 4; lastKnownFileType = sourcecode.c.objc; path = CWEvaluationTestViewController.m; sourceTree = "<group>"; };
		7EBE28281625CB5A00742DFC /* CWEvaluationTestViewController.xib */ = {isa = PBXFileReference; fileEncoding = 4; lastKnownFileType = file.xib; path = CWEvaluationTestViewController.xib; sourceTree = "<group>"; };
		7EC8AD2D15FCA6AA00ED9E27 /* CWUserStatusPanelController.h */ = {isa = PBXFileReference; fileEncoding = 4; lastKnownFileType = sourcecode.c.h; path = CWUserStatusPanelController.h; sourceTree = "<group>"; };
		7EC8AD2E15FCA6AA00ED9E27 /* CWUserStatusPanelController.m */ = {isa = PBXFileReference; fileEncoding = 4; lastKnownFileType = sourcecode.c.objc; path = CWUserStatusPanelController.m; sourceTree = "<group>"; };
		7EC8AD3315FCA83200ED9E27 /* CWRecentReadingsPanelController.h */ = {isa = PBXFileReference; fileEncoding = 4; lastKnownFileType = sourcecode.c.h; path = CWRecentReadingsPanelController.h; sourceTree = "<group>"; };
		7EC8AD3415FCA83200ED9E27 /* CWRecentReadingsPanelController.m */ = {isa = PBXFileReference; fileEncoding = 4; lastKnownFileType = sourcecode.c.objc; path = CWRecentReadingsPanelController.m; sourceTree = "<group>"; };
		7EC8AD3615FCA95300ED9E27 /* CWConstants.h */ = {isa = PBXFileReference; fileEncoding = 4; lastKnownFileType = sourcecode.c.h; path = CWConstants.h; sourceTree = "<group>"; };
		7EC8AD3715FCA95300ED9E27 /* CWConstants.m */ = {isa = PBXFileReference; fileEncoding = 4; lastKnownFileType = sourcecode.c.objc; path = CWConstants.m; sourceTree = "<group>"; };
		7EC8AD3915FCBFA700ED9E27 /* CWBrowserPaneView.xib */ = {isa = PBXFileReference; fileEncoding = 4; lastKnownFileType = file.xib; path = CWBrowserPaneView.xib; sourceTree = "<group>"; };
		7EC8AD3B15FCC84300ED9E27 /* CWBrowserPaneController.h */ = {isa = PBXFileReference; fileEncoding = 4; lastKnownFileType = sourcecode.c.h; path = CWBrowserPaneController.h; sourceTree = "<group>"; };
		7EC8AD3C15FCC84300ED9E27 /* CWBrowserPaneController.m */ = {isa = PBXFileReference; fileEncoding = 4; lastKnownFileType = sourcecode.c.objc; path = CWBrowserPaneController.m; sourceTree = "<group>"; };
		7ECB48D615E9EF7C00F850E9 /* Courseware.app */ = {isa = PBXFileReference; explicitFileType = wrapper.application; includeInIndex = 0; path = Courseware.app; sourceTree = BUILT_PRODUCTS_DIR; };
		7ECB48DA15E9EF7C00F850E9 /* UIKit.framework */ = {isa = PBXFileReference; lastKnownFileType = wrapper.framework; name = UIKit.framework; path = System/Library/Frameworks/UIKit.framework; sourceTree = SDKROOT; };
		7ECB48DC15E9EF7C00F850E9 /* Foundation.framework */ = {isa = PBXFileReference; lastKnownFileType = wrapper.framework; name = Foundation.framework; path = System/Library/Frameworks/Foundation.framework; sourceTree = SDKROOT; };
		7ECB48DE15E9EF7C00F850E9 /* CoreGraphics.framework */ = {isa = PBXFileReference; lastKnownFileType = wrapper.framework; name = CoreGraphics.framework; path = System/Library/Frameworks/CoreGraphics.framework; sourceTree = SDKROOT; };
		7ECB48E015E9EF7C00F850E9 /* CoreData.framework */ = {isa = PBXFileReference; lastKnownFileType = wrapper.framework; name = CoreData.framework; path = System/Library/Frameworks/CoreData.framework; sourceTree = SDKROOT; };
		7ECB48E415E9EF7C00F850E9 /* Courseware-Info.plist */ = {isa = PBXFileReference; lastKnownFileType = text.plist.xml; path = "Courseware-Info.plist"; sourceTree = "<group>"; };
		7ECB48E615E9EF7C00F850E9 /* en */ = {isa = PBXFileReference; lastKnownFileType = text.plist.strings; name = en; path = en.lproj/InfoPlist.strings; sourceTree = "<group>"; };
		7ECB48E815E9EF7C00F850E9 /* main.m */ = {isa = PBXFileReference; lastKnownFileType = sourcecode.c.objc; path = main.m; sourceTree = "<group>"; };
		7ECB48EA15E9EF7C00F850E9 /* Courseware-Prefix.pch */ = {isa = PBXFileReference; lastKnownFileType = sourcecode.c.h; path = "Courseware-Prefix.pch"; sourceTree = "<group>"; };
		7ECB48EB15E9EF7C00F850E9 /* CWAppDelegate.h */ = {isa = PBXFileReference; lastKnownFileType = sourcecode.c.h; path = CWAppDelegate.h; sourceTree = "<group>"; };
		7ECB48EC15E9EF7C00F850E9 /* CWAppDelegate.m */ = {isa = PBXFileReference; lastKnownFileType = sourcecode.c.objc; path = CWAppDelegate.m; sourceTree = "<group>"; };
		7ECB48EF15E9EF7C00F850E9 /* Courseware.xcdatamodel */ = {isa = PBXFileReference; lastKnownFileType = wrapper.xcdatamodel; path = Courseware.xcdatamodel; sourceTree = "<group>"; };
		7ECB490215E9EF7C00F850E9 /* CoursewareTests.octest */ = {isa = PBXFileReference; explicitFileType = wrapper.cfbundle; includeInIndex = 0; path = CoursewareTests.octest; sourceTree = BUILT_PRODUCTS_DIR; };
		7ECB490315E9EF7C00F850E9 /* SenTestingKit.framework */ = {isa = PBXFileReference; lastKnownFileType = wrapper.framework; name = SenTestingKit.framework; path = Library/Frameworks/SenTestingKit.framework; sourceTree = DEVELOPER_DIR; };
		7ECB490C15E9EF7C00F850E9 /* CoursewareTests-Info.plist */ = {isa = PBXFileReference; lastKnownFileType = text.plist.xml; path = "CoursewareTests-Info.plist"; sourceTree = "<group>"; };
		7ECB490E15E9EF7C00F850E9 /* en */ = {isa = PBXFileReference; lastKnownFileType = text.plist.strings; name = en; path = en.lproj/InfoPlist.strings; sourceTree = "<group>"; };
		7ECB491015E9EF7C00F850E9 /* CoursewareTests.h */ = {isa = PBXFileReference; lastKnownFileType = sourcecode.c.h; path = CoursewareTests.h; sourceTree = "<group>"; };
		7ECB491115E9EF7C00F850E9 /* CoursewareTests.m */ = {isa = PBXFileReference; lastKnownFileType = sourcecode.c.objc; path = CoursewareTests.m; sourceTree = "<group>"; };
		7EDA2AC8160D728300B40202 /* CWBottomToolbarController.h */ = {isa = PBXFileReference; fileEncoding = 4; lastKnownFileType = sourcecode.c.h; path = CWBottomToolbarController.h; sourceTree = "<group>"; };
		7EDA2AC9160D728300B40202 /* CWBottomToolbarController.m */ = {isa = PBXFileReference; fileEncoding = 4; lastKnownFileType = sourcecode.c.objc; path = CWBottomToolbarController.m; sourceTree = "<group>"; };
		7EDA2ACF160D758B00B40202 /* CWNotesListViewController.m */ = {isa = PBXFileReference; fileEncoding = 4; lastKnownFileType = sourcecode.c.objc; path = CWNotesListViewController.m; sourceTree = "<group>"; };
		7EDA2AD0160D758B00B40202 /* CWNotesListViewController.xib */ = {isa = PBXFileReference; fileEncoding = 4; lastKnownFileType = file.xib; path = CWNotesListViewController.xib; sourceTree = "<group>"; };
		7EDA2AD9160D802300B40202 /* CWNote.h */ = {isa = PBXFileReference; fileEncoding = 4; lastKnownFileType = sourcecode.c.h; path = CWNote.h; sourceTree = "<group>"; };
		7EDA2ADA160D802300B40202 /* CWNote.m */ = {isa = PBXFileReference; fileEncoding = 4; lastKnownFileType = sourcecode.c.objc; path = CWNote.m; sourceTree = "<group>"; };
		7EDA2AE5160D86B800B40202 /* CWNotesManager.h */ = {isa = PBXFileReference; fileEncoding = 4; lastKnownFileType = sourcecode.c.h; path = CWNotesManager.h; sourceTree = "<group>"; };
		7EDA2AE6160D86B800B40202 /* CWNotesManager.m */ = {isa = PBXFileReference; fileEncoding = 4; lastKnownFileType = sourcecode.c.objc; path = CWNotesManager.m; sourceTree = "<group>"; };
		7EDA2AE8160D894500B40202 /* CWNotesListViewController.h */ = {isa = PBXFileReference; lastKnownFileType = sourcecode.c.h; path = CWNotesListViewController.h; sourceTree = "<group>"; };
		7EEB7C4815F2D834009DAE94 /* CWUserLoginViewController.h */ = {isa = PBXFileReference; fileEncoding = 4; lastKnownFileType = sourcecode.c.h; path = CWUserLoginViewController.h; sourceTree = "<group>"; };
		7EEB7C4915F2D834009DAE94 /* CWUserLoginViewController.m */ = {isa = PBXFileReference; fileEncoding = 4; lastKnownFileType = sourcecode.c.objc; path = CWUserLoginViewController.m; sourceTree = "<group>"; };
		7EEB7C4A15F2D834009DAE94 /* CWUserLoginViewController.xib */ = {isa = PBXFileReference; fileEncoding = 4; lastKnownFileType = file.xib; path = CWUserLoginViewController.xib; sourceTree = "<group>"; };
		7EED6205160DDCB400E688B6 /* CWNotesListingModel.h */ = {isa = PBXFileReference; fileEncoding = 4; lastKnownFileType = sourcecode.c.h; path = CWNotesListingModel.h; sourceTree = "<group>"; };
		7EED6206160DDCB400E688B6 /* CWNotesListingModel.m */ = {isa = PBXFileReference; fileEncoding = 4; lastKnownFileType = sourcecode.c.objc; path = CWNotesListingModel.m; sourceTree = "<group>"; };
		7EED620E160E010700E688B6 /* CWNotesDetailViewController.h */ = {isa = PBXFileReference; fileEncoding = 4; lastKnownFileType = sourcecode.c.h; path = CWNotesDetailViewController.h; sourceTree = "<group>"; };
		7EED620F160E010700E688B6 /* CWNotesDetailViewController.m */ = {isa = PBXFileReference; fileEncoding = 4; lastKnownFileType = sourcecode.c.objc; path = CWNotesDetailViewController.m; sourceTree = "<group>"; };
		7EEF0E6E15FF916A00122C0F /* CWCourseListingViewController.h */ = {isa = PBXFileReference; fileEncoding = 4; lastKnownFileType = sourcecode.c.h; path = CWCourseListingViewController.h; sourceTree = "<group>"; };
		7EEF0E6F15FF916A00122C0F /* CWCourseListingViewController.m */ = {isa = PBXFileReference; fileEncoding = 4; lastKnownFileType = sourcecode.c.objc; path = CWCourseListingViewController.m; sourceTree = "<group>"; };
		7EEF0E7015FF916A00122C0F /* CWCourseListingViewController.xib */ = {isa = PBXFileReference; fileEncoding = 4; lastKnownFileType = file.xib; path = CWCourseListingViewController.xib; sourceTree = "<group>"; };
		7EFA3576160E11A600936F45 /* CWNotesDetailModel.h */ = {isa = PBXFileReference; fileEncoding = 4; lastKnownFileType = sourcecode.c.h; path = CWNotesDetailModel.h; sourceTree = "<group>"; };
		7EFA3577160E11A600936F45 /* CWNotesDetailModel.m */ = {isa = PBXFileReference; fileEncoding = 4; lastKnownFileType = sourcecode.c.objc; path = CWNotesDetailModel.m; sourceTree = "<group>"; };
		7EFBF7C715FADF13001CCCB2 /* NSString+SLUtilities.h */ = {isa = PBXFileReference; fileEncoding = 4; lastKnownFileType = sourcecode.c.h; path = "NSString+SLUtilities.h"; sourceTree = "<group>"; };
		7EFBF7C815FADF13001CCCB2 /* NSString+SLUtilities.m */ = {isa = PBXFileReference; fileEncoding = 4; lastKnownFileType = sourcecode.c.objc; path = "NSString+SLUtilities.m"; sourceTree = "<group>"; };
		7EFBF7CB15FAF14A001CCCB2 /* CWHomeViewController.h */ = {isa = PBXFileReference; fileEncoding = 4; lastKnownFileType = sourcecode.c.h; path = CWHomeViewController.h; sourceTree = "<group>"; };
		7EFBF7CC15FAF14A001CCCB2 /* CWHomeViewController.m */ = {isa = PBXFileReference; fileEncoding = 4; lastKnownFileType = sourcecode.c.objc; path = CWHomeViewController.m; sourceTree = "<group>"; };
		7EFBF7CD15FAF14A001CCCB2 /* CWHomeViewController.xib */ = {isa = PBXFileReference; fileEncoding = 4; lastKnownFileType = file.xib; path = CWHomeViewController.xib; sourceTree = "<group>"; };
		7EFBF7D215FAF429001CCCB2 /* CWNavigationBar.h */ = {isa = PBXFileReference; fileEncoding = 4; lastKnownFileType = sourcecode.c.h; path = CWNavigationBar.h; sourceTree = "<group>"; };
		7EFBF7D315FAF429001CCCB2 /* CWNavigationBar.m */ = {isa = PBXFileReference; fileEncoding = 4; lastKnownFileType = sourcecode.c.objc; path = CWNavigationBar.m; sourceTree = "<group>"; };
		7EFBF7D515FAF4B4001CCCB2 /* CWBrowserPaneView.h */ = {isa = PBXFileReference; fileEncoding = 4; lastKnownFileType = sourcecode.c.h; path = CWBrowserPaneView.h; sourceTree = "<group>"; };
		7EFBF7D615FAF4B4001CCCB2 /* CWBrowserPaneView.m */ = {isa = PBXFileReference; fileEncoding = 4; lastKnownFileType = sourcecode.c.objc; path = CWBrowserPaneView.m; sourceTree = "<group>"; };
		7EFBF7D815FAF65B001CCCB2 /* CWUserStatusPanelView.h */ = {isa = PBXFileReference; fileEncoding = 4; lastKnownFileType = sourcecode.c.h; path = CWUserStatusPanelView.h; sourceTree = "<group>"; };
		7EFBF7D915FAF65B001CCCB2 /* CWUserStatusPanelView.m */ = {isa = PBXFileReference; fileEncoding = 4; lastKnownFileType = sourcecode.c.objc; path = CWUserStatusPanelView.m; sourceTree = "<group>"; };
		7EFBF7DB15FAF8E8001CCCB2 /* CWRecentReadingsPanelView.h */ = {isa = PBXFileReference; fileEncoding = 4; lastKnownFileType = sourcecode.c.h; path = CWRecentReadingsPanelView.h; sourceTree = "<group>"; };
		7EFBF7DC15FAF8E8001CCCB2 /* CWRecentReadingsPanelView.m */ = {isa = PBXFileReference; fileEncoding = 4; lastKnownFileType = sourcecode.c.objc; path = CWRecentReadingsPanelView.m; sourceTree = "<group>"; };
		7EFE1B0A16136DFE00D36412 /* CWLibraryBrowserViewController.h */ = {isa = PBXFileReference; fileEncoding = 4; lastKnownFileType = sourcecode.c.h; path = CWLibraryBrowserViewController.h; sourceTree = "<group>"; };
		7EFE1B0B16136DFE00D36412 /* CWLibraryBrowserViewController.m */ = {isa = PBXFileReference; fileEncoding = 4; lastKnownFileType = sourcecode.c.objc; path = CWLibraryBrowserViewController.m; sourceTree = "<group>"; };
		7EFE1B0C16136DFE00D36412 /* CWLibraryBrowserViewController.xib */ = {isa = PBXFileReference; fileEncoding = 4; lastKnownFileType = file.xib; path = CWLibraryBrowserViewController.xib; sourceTree = "<group>"; };
		7EFE1B101613711300D36412 /* GMGridView.h */ = {isa = PBXFileReference; fileEncoding = 4; lastKnownFileType = sourcecode.c.h; path = GMGridView.h; sourceTree = "<group>"; };
		7EFE1B111613711300D36412 /* GMGridView.m */ = {isa = PBXFileReference; fileEncoding = 4; lastKnownFileType = sourcecode.c.objc; path = GMGridView.m; sourceTree = "<group>"; };
		7EFE1B13161372DD00D36412 /* GMGridView-Constants.h */ = {isa = PBXFileReference; fileEncoding = 4; lastKnownFileType = sourcecode.c.h; path = "GMGridView-Constants.h"; sourceTree = "<group>"; };
		7EFE1B14161372DD00D36412 /* GMGridViewCell.h */ = {isa = PBXFileReference; fileEncoding = 4; lastKnownFileType = sourcecode.c.h; path = GMGridViewCell.h; sourceTree = "<group>"; };
		7EFE1B15161372DD00D36412 /* GMGridViewCell.m */ = {isa = PBXFileReference; fileEncoding = 4; lastKnownFileType = sourcecode.c.objc; path = GMGridViewCell.m; sourceTree = "<group>"; };
		7EFE1B16161372DD00D36412 /* GMGridViewCell+Extended.h */ = {isa = PBXFileReference; fileEncoding = 4; lastKnownFileType = sourcecode.c.h; path = "GMGridViewCell+Extended.h"; sourceTree = "<group>"; };
		7EFE1B17161372DD00D36412 /* GMGridViewLayoutStrategies.h */ = {isa = PBXFileReference; fileEncoding = 4; lastKnownFileType = sourcecode.c.h; path = GMGridViewLayoutStrategies.h; sourceTree = "<group>"; };
		7EFE1B18161372DD00D36412 /* GMGridViewLayoutStrategies.m */ = {isa = PBXFileReference; fileEncoding = 4; lastKnownFileType = sourcecode.c.objc; path = GMGridViewLayoutStrategies.m; sourceTree = "<group>"; };
		7EFE1B19161372DD00D36412 /* UIGestureRecognizer+GMGridViewAdditions.h */ = {isa = PBXFileReference; fileEncoding = 4; lastKnownFileType = sourcecode.c.h; path = "UIGestureRecognizer+GMGridViewAdditions.h"; sourceTree = "<group>"; };
		7EFE1B1A161372DD00D36412 /* UIGestureRecognizer+GMGridViewAdditions.m */ = {isa = PBXFileReference; fileEncoding = 4; lastKnownFileType = sourcecode.c.objc; path = "UIGestureRecognizer+GMGridViewAdditions.m"; sourceTree = "<group>"; };
		7EFE1B1B161372DD00D36412 /* UIView+GMGridViewAdditions.h */ = {isa = PBXFileReference; fileEncoding = 4; lastKnownFileType = sourcecode.c.h; path = "UIView+GMGridViewAdditions.h"; sourceTree = "<group>"; };
		7EFE1B1C161372DD00D36412 /* UIView+GMGridViewAdditions.m */ = {isa = PBXFileReference; fileEncoding = 4; lastKnownFileType = sourcecode.c.objc; path = "UIView+GMGridViewAdditions.m"; sourceTree = "<group>"; };
/* End PBXFileReference section */

/* Begin PBXFrameworksBuildPhase section */
		7ECB48D315E9EF7C00F850E9 /* Frameworks */ = {
			isa = PBXFrameworksBuildPhase;
			buildActionMask = 2147483647;
			files = (
				7E5E36A416057ED000EE508B /* MessageUI.framework in Frameworks */,
				7E5E369E16057E9400EE508B /* QuickLook.framework in Frameworks */,
				7E5E369C16057E8800EE508B /* QuartzCore.framework in Frameworks */,
				7E5E369A16057E7D00EE508B /* ImageIO.framework in Frameworks */,
				7ECB48DB15E9EF7C00F850E9 /* UIKit.framework in Frameworks */,
				7ECB48DD15E9EF7C00F850E9 /* Foundation.framework in Frameworks */,
				7ECB48DF15E9EF7C00F850E9 /* CoreGraphics.framework in Frameworks */,
				7ECB48E115E9EF7C00F850E9 /* CoreData.framework in Frameworks */,
			);
			runOnlyForDeploymentPostprocessing = 0;
		};
		7ECB48FE15E9EF7C00F850E9 /* Frameworks */ = {
			isa = PBXFrameworksBuildPhase;
			buildActionMask = 2147483647;
			files = (
				7ECB490415E9EF7C00F850E9 /* SenTestingKit.framework in Frameworks */,
				7ECB490515E9EF7C00F850E9 /* UIKit.framework in Frameworks */,
				7ECB490615E9EF7C00F850E9 /* Foundation.framework in Frameworks */,
				7ECB490715E9EF7C00F850E9 /* CoreData.framework in Frameworks */,
			);
			runOnlyForDeploymentPostprocessing = 0;
		};
/* End PBXFrameworksBuildPhase section */

/* Begin PBXGroup section */
		7E06217215FB72DD006E3554 /* CW Objects */ = {
			isa = PBXGroup;
			children = (
				7E30E2C715FC3A3D00422EEE /* CWCourseItem.h */,
				7E30E2C815FC3A3E00422EEE /* CWCourseItem.m */,
				7E30E2D015FC3F0A00422EEE /* CWCourseManager.h */,
				7E30E2D115FC3F0A00422EEE /* CWCourseManager.m */,
				7E30E2E015FC4BD700422EEE /* CWCourseListFileLoader.h */,
				7E30E2E115FC4BD700422EEE /* CWCourseListFileLoader.m */,
			);
			name = "\U0010CW Objects";
			path = "CW Objects";
			sourceTree = "<group>";
		};
		7E1EEA9C15FAFE2D00739FD2 /* Resources */ = {
			isa = PBXGroup;
			children = (
				7E6E438F1627381B00B43D7B /* Branding */,
				7EAF486A15FB1019008ECDDE /* Courseware.bundle */,
			);
			path = Resources;
			sourceTree = "<group>";
		};
		7E20B5EB15FE34A7004DBAC1 /* Slide Menu */ = {
			isa = PBXGroup;
			children = (
				7E20B5E215FE326B004DBAC1 /* SLSlideMenuView.h */,
				7E20B5E315FE326B004DBAC1 /* SLSlideMenuView.m */,
				7E20B5E615FE3339004DBAC1 /* SLSlideMenuView.xib */,
				7E20B5E815FE3477004DBAC1 /* SLSlideMenuController.h */,
				7E20B5E915FE3477004DBAC1 /* SLSlideMenuController.m */,
			);
			name = "Slide Menu";
			sourceTree = "<group>";
		};
		7E20B5EC15FE34B9004DBAC1 /* Browser Pane */ = {
			isa = PBXGroup;
			children = (
				7EFBF7D515FAF4B4001CCCB2 /* CWBrowserPaneView.h */,
				7EFBF7D615FAF4B4001CCCB2 /* CWBrowserPaneView.m */,
				7EC8AD3915FCBFA700ED9E27 /* CWBrowserPaneView.xib */,
				7EC8AD3B15FCC84300ED9E27 /* CWBrowserPaneController.h */,
				7EC8AD3C15FCC84300ED9E27 /* CWBrowserPaneController.m */,
			);
			name = "Browser Pane";
			sourceTree = "<group>";
		};
		7E20B5ED15FE34C7004DBAC1 /* Navigation Bar */ = {
			isa = PBXGroup;
			children = (
				7EFBF7D215FAF429001CCCB2 /* CWNavigationBar.h */,
				7EFBF7D315FAF429001CCCB2 /* CWNavigationBar.m */,
				7E7198491609494600CA0F7D /* CWNavigationBarController.h */,
				7E71984A1609494600CA0F7D /* CWNavigationBarController.m */,
			);
			name = "Navigation Bar";
			sourceTree = "<group>";
		};
		7E291F7C16060DE500C7BD8E /* Course Reader */ = {
			isa = PBXGroup;
			children = (
				7E291F7E16060E2200C7BD8E /* CWCourseReaderViewController.h */,
				7E291F7F16060E2200C7BD8E /* CWCourseReaderViewController.m */,
				7E291F8016060E2200C7BD8E /* CWCourseReaderViewController.xib */,
				7E291F871606172100C7BD8E /* CWCourseReaderModel.h */,
				7E291F881606172100C7BD8E /* CWCourseReaderModel.m */,
				7E3E7B9B160A229B00849255 /* CWCourseDocumentView.h */,
				7E3E7B9C160A229B00849255 /* CWCourseDocumentView.m */,
			);
			path = "Course Reader";
			sourceTree = "<group>";
		};
		7E291F831606115200C7BD8E /* Bottom Toolbar */ = {
			isa = PBXGroup;
			children = (
				7E291F841606119500C7BD8E /* CWBottomToolbar.h */,
				7E291F851606119500C7BD8E /* CWBottomToolbar.m */,
				7EDA2AC8160D728300B40202 /* CWBottomToolbarController.h */,
				7EDA2AC9160D728300B40202 /* CWBottomToolbarController.m */,
			);
			name = "Bottom Toolbar";
			sourceTree = "<group>";
		};
		7E3C426D16186E4700A788EB /* Messaging */ = {
			isa = PBXGroup;
			children = (
				7E3C42781618782E00A788EB /* CWMessagingModel.h */,
				7E3C42791618782E00A788EB /* CWMessagingModel.m */,
				7E3C426E16186E7700A788EB /* CWMessagingViewController.h */,
				7E3C426F16186E7700A788EB /* CWMessagingViewController.m */,
				7E3C427016186E7700A788EB /* CWMessagingViewController.xib */,
				7E3C42731618768700A788EB /* CWMessageDetailView.h */,
				7E3C42741618768700A788EB /* CWMessageDetailView.m */,
				7E3C42761618769F00A788EB /* CWMessageDetailView.xib */,
			);
			path = Messaging;
			sourceTree = "<group>";
		};
		7E5E365916057E4B00EE508B /* Third Party */ = {
			isa = PBXGroup;
			children = (
				7EFE1B0F161370B500D36412 /* Grid View */,
				7E5E365A16057E4B00EE508B /* Reader */,
			);
			path = "Third Party";
			sourceTree = "<group>";
		};
		7E5E365A16057E4B00EE508B /* Reader */ = {
			isa = PBXGroup;
			children = (
				7E5E365B16057E4B00EE508B /* CGPDFDocument.h */,
				7E5E365C16057E4B00EE508B /* CGPDFDocument.m */,
				7E5E365D16057E4B00EE508B /* ReaderConstants.h */,
				7E5E365E16057E4B00EE508B /* ReaderConstants.m */,
				7E5E365F16057E4B00EE508B /* ReaderContentPage.h */,
				7E5E366016057E4B00EE508B /* ReaderContentPage.m */,
				7E5E366116057E4B00EE508B /* ReaderContentTile.h */,
				7E5E366216057E4B00EE508B /* ReaderContentTile.m */,
				7E5E366316057E4B00EE508B /* ReaderContentView.h */,
				7E5E366416057E4B00EE508B /* ReaderContentView.m */,
				7E5E366516057E4B00EE508B /* ReaderDocument.h */,
				7E5E366616057E4B00EE508B /* ReaderDocument.m */,
				7E5E366716057E4B00EE508B /* ReaderMainPagebar.h */,
				7E5E366816057E4B00EE508B /* ReaderMainPagebar.m */,
				7E5E366916057E4B00EE508B /* ReaderMainToolbar.h */,
				7E5E366A16057E4B00EE508B /* ReaderMainToolbar.m */,
				7E5E366B16057E4B00EE508B /* ReaderThumbCache.h */,
				7E5E366C16057E4B00EE508B /* ReaderThumbCache.m */,
				7E5E366D16057E4B00EE508B /* ReaderThumbFetch.h */,
				7E5E366E16057E4B00EE508B /* ReaderThumbFetch.m */,
				7E5E366F16057E4B00EE508B /* ReaderThumbQueue.h */,
				7E5E367016057E4B00EE508B /* ReaderThumbQueue.m */,
				7E5E367116057E4B00EE508B /* ReaderThumbRender.h */,
				7E5E367216057E4B00EE508B /* ReaderThumbRender.m */,
				7E5E367316057E4B00EE508B /* ReaderThumbRequest.h */,
				7E5E367416057E4B00EE508B /* ReaderThumbRequest.m */,
				7E5E367516057E4B00EE508B /* ReaderThumbsView.h */,
				7E5E367616057E4B00EE508B /* ReaderThumbsView.m */,
				7E5E367716057E4B00EE508B /* ReaderThumbView.h */,
				7E5E367816057E4B00EE508B /* ReaderThumbView.m */,
				7E5E367916057E4B00EE508B /* ReaderViewController.h */,
				7E5E367A16057E4B00EE508B /* ReaderViewController.m */,
				7E5E367B16057E4B00EE508B /* ThumbsMainToolbar.h */,
				7E5E367C16057E4B00EE508B /* ThumbsMainToolbar.m */,
				7E5E367D16057E4B00EE508B /* ThumbsViewController.h */,
				7E5E367E16057E4B00EE508B /* ThumbsViewController.m */,
				7E5E367F16057E4B00EE508B /* UIXToolbarView.h */,
				7E5E368016057E4B00EE508B /* UIXToolbarView.m */,
			);
			path = Reader;
			sourceTree = "<group>";
		};
		7E6E438F1627381B00B43D7B /* Branding */ = {
			isa = PBXGroup;
			children = (
				7E6E43921627386A00B43D7B /* Default-Landscape~ipad.png */,
				7E6E43981627398D00B43D7B /* icon-72.png */,
				7E6E43961627398900B43D7B /* icon-144.png */,
			);
			path = Branding;
			sourceTree = "<group>";
		};
		7E9C850715FAC49B002AB343 /* Models */ = {
			isa = PBXGroup;
			children = (
				7E06217215FB72DD006E3554 /* CW Objects */,
				7E9C850915FAC59C002AB343 /* Core Data */,
			);
			path = Models;
			sourceTree = "<group>";
		};
		7E9C850915FAC59C002AB343 /* Core Data */ = {
			isa = PBXGroup;
			children = (
				7EDA2AD9160D802300B40202 /* CWNote.h */,
				7EDA2ADA160D802300B40202 /* CWNote.m */,
				7E3C427E161885F500A788EB /* CWMessage.h */,
				7E3C427F161885F600A788EB /* CWMessage.m */,
				7ECB48EE15E9EF7C00F850E9 /* Courseware.xcdatamodeld */,
				7E9B943C161741D200F39337 /* CWAccount.h */,
				7E9B943D161741D200F39337 /* CWAccount.m */,
				7E9C850D15FAC873002AB343 /* CWAccountManager.h */,
				7E9C850E15FAC873002AB343 /* CWAccountManager.m */,
				7E9C851015FAC8BC002AB343 /* SLCoreDataManager.h */,
				7E9C851115FAC8BC002AB343 /* SLCoreDataManager.m */,
				7EDA2AE5160D86B800B40202 /* CWNotesManager.h */,
				7EDA2AE6160D86B800B40202 /* CWNotesManager.m */,
				7E3C427B161880A100A788EB /* CWMessagesManager.h */,
				7E3C427C161880A100A788EB /* CWMessagesManager.m */,
			);
			path = "Core Data";
			sourceTree = "<group>";
		};
		7EB6AB9616210B210089ACC4 /* Settings */ = {
			isa = PBXGroup;
			children = (
				7EB6AB9F16210C9C0089ACC4 /* CWSettingsViewController.h */,
				7EB6ABA016210C9C0089ACC4 /* CWSettingsViewController.m */,
				7EB6ABA116210C9C0089ACC4 /* CWSettingsViewController.xib */,
			);
			path = Settings;
			sourceTree = "<group>";
		};
		7EB6AB9816210B370089ACC4 /* Account Management */ = {
			isa = PBXGroup;
			children = (
				7EB6AB9A16210C890089ACC4 /* CWAccountManagerViewController.h */,
				7EB6AB9B16210C890089ACC4 /* CWAccountManagerViewController.m */,
				7EB6AB9C16210C890089ACC4 /* CWAccountManagerViewController.xib */,
			);
			path = "Account Management";
			sourceTree = "<group>";
		};
		7EB6AB9916210B640089ACC4 /* Help */ = {
			isa = PBXGroup;
			children = (
				7EB6ABA416210CA70089ACC4 /* CWHelpViewController.h */,
				7EB6ABA516210CA70089ACC4 /* CWHelpViewController.m */,
				7EB6ABA616210CA70089ACC4 /* CWHelpViewController.xib */,
			);
			path = Help;
			sourceTree = "<group>";
		};
		7EBE28251625CB2B00742DFC /* Evaluation */ = {
			isa = PBXGroup;
			children = (
				7EBE28261625CB5A00742DFC /* CWEvaluationTestViewController.h */,
				7EBE28271625CB5A00742DFC /* CWEvaluationTestViewController.m */,
				7EBE28281625CB5A00742DFC /* CWEvaluationTestViewController.xib */,
			);
			path = Evaluation;
			sourceTree = "<group>";
		};
		7EC8AD3115FCA6B600ED9E27 /* User Status */ = {
			isa = PBXGroup;
			children = (
				7EAF486F15FB12AD008ECDDE /* CWUserStatusPanelView.xib */,
				7EFBF7D815FAF65B001CCCB2 /* CWUserStatusPanelView.h */,
				7EFBF7D915FAF65B001CCCB2 /* CWUserStatusPanelView.m */,
				7EC8AD2D15FCA6AA00ED9E27 /* CWUserStatusPanelController.h */,
				7EC8AD2E15FCA6AA00ED9E27 /* CWUserStatusPanelController.m */,
			);
			name = "User Status";
			sourceTree = "<group>";
		};
		7EC8AD3215FCA6C200ED9E27 /* Recent Readings */ = {
			isa = PBXGroup;
			children = (
				7EFBF7DB15FAF8E8001CCCB2 /* CWRecentReadingsPanelView.h */,
				7EFBF7DC15FAF8E8001CCCB2 /* CWRecentReadingsPanelView.m */,
				7E06216F15FB6F20006E3554 /* CWRecentReadingsPanelView.xib */,
				7EC8AD3315FCA83200ED9E27 /* CWRecentReadingsPanelController.h */,
				7EC8AD3415FCA83200ED9E27 /* CWRecentReadingsPanelController.m */,
			);
			name = "Recent Readings";
			sourceTree = "<group>";
		};
		7ECB48CB15E9EF7C00F850E9 = {
			isa = PBXGroup;
			children = (
				7ECB48E215E9EF7C00F850E9 /* Courseware */,
				7ECB490A15E9EF7C00F850E9 /* CoursewareTests */,
				7ECB48D915E9EF7C00F850E9 /* Frameworks */,
				7ECB48D715E9EF7C00F850E9 /* Products */,
			);
			sourceTree = "<group>";
		};
		7ECB48D715E9EF7C00F850E9 /* Products */ = {
			isa = PBXGroup;
			children = (
				7ECB48D615E9EF7C00F850E9 /* Courseware.app */,
				7ECB490215E9EF7C00F850E9 /* CoursewareTests.octest */,
			);
			name = Products;
			sourceTree = "<group>";
		};
		7ECB48D915E9EF7C00F850E9 /* Frameworks */ = {
			isa = PBXGroup;
			children = (
				7E5E36A316057ED000EE508B /* MessageUI.framework */,
				7E5E369D16057E9400EE508B /* QuickLook.framework */,
				7E5E369B16057E8800EE508B /* QuartzCore.framework */,
				7E5E369916057E7D00EE508B /* ImageIO.framework */,
				7ECB48DA15E9EF7C00F850E9 /* UIKit.framework */,
				7ECB48DC15E9EF7C00F850E9 /* Foundation.framework */,
				7ECB48DE15E9EF7C00F850E9 /* CoreGraphics.framework */,
				7ECB48E015E9EF7C00F850E9 /* CoreData.framework */,
				7ECB490315E9EF7C00F850E9 /* SenTestingKit.framework */,
			);
			name = Frameworks;
			sourceTree = "<group>";
		};
		7ECB48E215E9EF7C00F850E9 /* Courseware */ = {
			isa = PBXGroup;
			children = (
				7EFBF7D115FAF3FE001CCCB2 /* Components */,
				7EFBF7C615FADEDB001CCCB2 /* Helpers */,
				7EEB7C4615F2D7E7009DAE94 /* Modules */,
				7E9C850715FAC49B002AB343 /* Models */,
				7E5E365916057E4B00EE508B /* Third Party */,
				7ECB48EB15E9EF7C00F850E9 /* CWAppDelegate.h */,
				7ECB48EC15E9EF7C00F850E9 /* CWAppDelegate.m */,
				7ECB48E315E9EF7C00F850E9 /* Supporting Files */,
			);
			path = Courseware;
			sourceTree = "<group>";
		};
		7ECB48E315E9EF7C00F850E9 /* Supporting Files */ = {
			isa = PBXGroup;
			children = (
				7E1EEA9C15FAFE2D00739FD2 /* Resources */,
				7ECB48E415E9EF7C00F850E9 /* Courseware-Info.plist */,
				7ECB48E515E9EF7C00F850E9 /* InfoPlist.strings */,
				7ECB48E815E9EF7C00F850E9 /* main.m */,
				7ECB48EA15E9EF7C00F850E9 /* Courseware-Prefix.pch */,
			);
			name = "Supporting Files";
			sourceTree = "<group>";
		};
		7ECB490A15E9EF7C00F850E9 /* CoursewareTests */ = {
			isa = PBXGroup;
			children = (
				7ECB491015E9EF7C00F850E9 /* CoursewareTests.h */,
				7ECB491115E9EF7C00F850E9 /* CoursewareTests.m */,
				7ECB490B15E9EF7C00F850E9 /* Supporting Files */,
			);
			path = CoursewareTests;
			sourceTree = "<group>";
		};
		7ECB490B15E9EF7C00F850E9 /* Supporting Files */ = {
			isa = PBXGroup;
			children = (
				7ECB490C15E9EF7C00F850E9 /* CoursewareTests-Info.plist */,
				7ECB490D15E9EF7C00F850E9 /* InfoPlist.strings */,
			);
			name = "Supporting Files";
			sourceTree = "<group>";
		};
		7EDA2ACC160D750900B40202 /* Library */ = {
			isa = PBXGroup;
			children = (
				7EFE1B0816136DB700D36412 /* Library Browser */,
				7EDA2ACD160D751E00B40202 /* Notes */,
			);
			path = Library;
			sourceTree = "<group>";
		};
		7EDA2ACD160D751E00B40202 /* Notes */ = {
			isa = PBXGroup;
			children = (
				7EDA2AE8160D894500B40202 /* CWNotesListViewController.h */,
				7EDA2ACF160D758B00B40202 /* CWNotesListViewController.m */,
				7EDA2AD0160D758B00B40202 /* CWNotesListViewController.xib */,
				7EED6205160DDCB400E688B6 /* CWNotesListingModel.h */,
				7EED6206160DDCB400E688B6 /* CWNotesListingModel.m */,
				7EED620E160E010700E688B6 /* CWNotesDetailViewController.h */,
				7EED620F160E010700E688B6 /* CWNotesDetailViewController.m */,
				7E1306911610CB91002F038E /* CWNotesDetailViewController.xib */,
				7EFA3576160E11A600936F45 /* CWNotesDetailModel.h */,
				7EFA3577160E11A600936F45 /* CWNotesDetailModel.m */,
			);
			path = Notes;
			sourceTree = "<group>";
		};
		7EEB7C4615F2D7E7009DAE94 /* Modules */ = {
			isa = PBXGroup;
			children = (
				7EBE28251625CB2B00742DFC /* Evaluation */,
				7EB6AB9916210B640089ACC4 /* Help */,
				7EB6AB9816210B370089ACC4 /* Account Management */,
				7EB6AB9616210B210089ACC4 /* Settings */,
				7E3C426D16186E4700A788EB /* Messaging */,
				7EDA2ACC160D750900B40202 /* Library */,
				7E291F7C16060DE500C7BD8E /* Course Reader */,
				7EFBF7CA15FAF083001CCCB2 /* Course Listing */,
				7EEB7C4715F2D804009DAE94 /* Login */,
			);
			path = Modules;
			sourceTree = "<group>";
		};
		7EEB7C4715F2D804009DAE94 /* Login */ = {
			isa = PBXGroup;
			children = (
				7EEB7C4815F2D834009DAE94 /* CWUserLoginViewController.h */,
				7EEB7C4915F2D834009DAE94 /* CWUserLoginViewController.m */,
				7EEB7C4A15F2D834009DAE94 /* CWUserLoginViewController.xib */,
			);
			path = Login;
			sourceTree = "<group>";
		};
		7EFBF7C615FADEDB001CCCB2 /* Helpers */ = {
			isa = PBXGroup;
			children = (
				7EFBF7C715FADF13001CCCB2 /* NSString+SLUtilities.h */,
				7EFBF7C815FADF13001CCCB2 /* NSString+SLUtilities.m */,
				7EC8AD3615FCA95300ED9E27 /* CWConstants.h */,
				7EC8AD3715FCA95300ED9E27 /* CWConstants.m */,
				7E291F8E1606181500C7BD8E /* CWUtilities.h */,
				7E291F8F1606181500C7BD8E /* CWUtilities.m */,
				7EB6ABA91621706C0089ACC4 /* SLTextInputAutoFocusHelper.h */,
				7EB6ABAA1621706C0089ACC4 /* SLTextInputAutoFocusHelper.m */,
			);
			path = Helpers;
			sourceTree = "<group>";
		};
		7EFBF7CA15FAF083001CCCB2 /* Course Listing */ = {
			isa = PBXGroup;
			children = (
				7EC8AD3215FCA6C200ED9E27 /* Recent Readings */,
				7EC8AD3115FCA6B600ED9E27 /* User Status */,
				7EFBF7CB15FAF14A001CCCB2 /* CWHomeViewController.h */,
				7EFBF7CC15FAF14A001CCCB2 /* CWHomeViewController.m */,
				7EFBF7CD15FAF14A001CCCB2 /* CWHomeViewController.xib */,
				7EEF0E6E15FF916A00122C0F /* CWCourseListingViewController.h */,
				7EEF0E6F15FF916A00122C0F /* CWCourseListingViewController.m */,
				7EEF0E7015FF916A00122C0F /* CWCourseListingViewController.xib */,
				7E2F63D2160477020064605C /* CWCourseListingScreenModel.h */,
				7E2F63D3160477020064605C /* CWCourseListingScreenModel.m */,
			);
			path = "Course Listing";
			sourceTree = "<group>";
		};
		7EFBF7D115FAF3FE001CCCB2 /* Components */ = {
			isa = PBXGroup;
			children = (
				7E291F831606115200C7BD8E /* Bottom Toolbar */,
				7E20B5ED15FE34C7004DBAC1 /* Navigation Bar */,
				7E20B5EC15FE34B9004DBAC1 /* Browser Pane */,
				7E20B5EB15FE34A7004DBAC1 /* Slide Menu */,
			);
			path = Components;
			sourceTree = "<group>";
		};
		7EFE1B0816136DB700D36412 /* Library Browser */ = {
			isa = PBXGroup;
			children = (
				7EFE1B0A16136DFE00D36412 /* CWLibraryBrowserViewController.h */,
				7EFE1B0B16136DFE00D36412 /* CWLibraryBrowserViewController.m */,
				7EFE1B0C16136DFE00D36412 /* CWLibraryBrowserViewController.xib */,
			);
			name = "Library Browser";
			path = Browser;
			sourceTree = "<group>";
		};
		7EFE1B0F161370B500D36412 /* Grid View */ = {
			isa = PBXGroup;
			children = (
				7EFE1B13161372DD00D36412 /* GMGridView-Constants.h */,
				7EFE1B14161372DD00D36412 /* GMGridViewCell.h */,
				7EFE1B15161372DD00D36412 /* GMGridViewCell.m */,
				7EFE1B16161372DD00D36412 /* GMGridViewCell+Extended.h */,
				7EFE1B17161372DD00D36412 /* GMGridViewLayoutStrategies.h */,
				7EFE1B18161372DD00D36412 /* GMGridViewLayoutStrategies.m */,
				7EFE1B19161372DD00D36412 /* UIGestureRecognizer+GMGridViewAdditions.h */,
				7EFE1B1A161372DD00D36412 /* UIGestureRecognizer+GMGridViewAdditions.m */,
				7EFE1B1B161372DD00D36412 /* UIView+GMGridViewAdditions.h */,
				7EFE1B1C161372DD00D36412 /* UIView+GMGridViewAdditions.m */,
				7EFE1B101613711300D36412 /* GMGridView.h */,
				7EFE1B111613711300D36412 /* GMGridView.m */,
			);
			name = "Grid View";
			path = GMGridView;
			sourceTree = "<group>";
		};
/* End PBXGroup section */

/* Begin PBXNativeTarget section */
		7ECB48D515E9EF7C00F850E9 /* Courseware */ = {
			isa = PBXNativeTarget;
			buildConfigurationList = 7ECB491515E9EF7C00F850E9 /* Build configuration list for PBXNativeTarget "Courseware" */;
			buildPhases = (
				7ECB48D215E9EF7C00F850E9 /* Sources */,
				7ECB48D315E9EF7C00F850E9 /* Frameworks */,
				7ECB48D415E9EF7C00F850E9 /* Resources */,
			);
			buildRules = (
			);
			dependencies = (
			);
			name = Courseware;
			productName = Courseware;
			productReference = 7ECB48D615E9EF7C00F850E9 /* Courseware.app */;
			productType = "com.apple.product-type.application";
		};
		7ECB490115E9EF7C00F850E9 /* CoursewareTests */ = {
			isa = PBXNativeTarget;
			buildConfigurationList = 7ECB491815E9EF7C00F850E9 /* Build configuration list for PBXNativeTarget "CoursewareTests" */;
			buildPhases = (
				7ECB48FD15E9EF7C00F850E9 /* Sources */,
				7ECB48FE15E9EF7C00F850E9 /* Frameworks */,
				7ECB48FF15E9EF7C00F850E9 /* Resources */,
				7ECB490015E9EF7C00F850E9 /* ShellScript */,
			);
			buildRules = (
			);
			dependencies = (
				7ECB490915E9EF7C00F850E9 /* PBXTargetDependency */,
			);
			name = CoursewareTests;
			productName = CoursewareTests;
			productReference = 7ECB490215E9EF7C00F850E9 /* CoursewareTests.octest */;
			productType = "com.apple.product-type.bundle";
		};
/* End PBXNativeTarget section */

/* Begin PBXProject section */
		7ECB48CD15E9EF7C00F850E9 /* Project object */ = {
			isa = PBXProject;
			attributes = {
				CLASSPREFIX = CW;
				LastUpgradeCheck = 0440;
				ORGANIZATIONNAME = "Leo Angelo Quigao";
			};
			buildConfigurationList = 7ECB48D015E9EF7C00F850E9 /* Build configuration list for PBXProject "Courseware" */;
			compatibilityVersion = "Xcode 3.2";
			developmentRegion = English;
			hasScannedForEncodings = 0;
			knownRegions = (
				en,
				de,
				English,
				es,
				fr,
				ja,
				"zh-Hans",
			);
			mainGroup = 7ECB48CB15E9EF7C00F850E9;
			productRefGroup = 7ECB48D715E9EF7C00F850E9 /* Products */;
			projectDirPath = "";
			projectRoot = "";
			targets = (
				7ECB48D515E9EF7C00F850E9 /* Courseware */,
				7ECB490115E9EF7C00F850E9 /* CoursewareTests */,
			);
		};
/* End PBXProject section */

/* Begin PBXResourcesBuildPhase section */
		7ECB48D415E9EF7C00F850E9 /* Resources */ = {
			isa = PBXResourcesBuildPhase;
			buildActionMask = 2147483647;
			files = (
				7ECB48E715E9EF7C00F850E9 /* InfoPlist.strings in Resources */,
				7EEB7C4C15F2D834009DAE94 /* CWUserLoginViewController.xib in Resources */,
				7EFBF7CF15FAF14A001CCCB2 /* CWHomeViewController.xib in Resources */,
				7EAF486B15FB1019008ECDDE /* Courseware.bundle in Resources */,
				7EAF487015FB12AD008ECDDE /* CWUserStatusPanelView.xib in Resources */,
				7E06217015FB6F20006E3554 /* CWRecentReadingsPanelView.xib in Resources */,
				7EC8AD3A15FCBFA700ED9E27 /* CWBrowserPaneView.xib in Resources */,
				7E20B5E715FE3339004DBAC1 /* SLSlideMenuView.xib in Resources */,
				7EEF0E7215FF916A00122C0F /* CWCourseListingViewController.xib in Resources */,
				7E291F8216060E2200C7BD8E /* CWCourseReaderViewController.xib in Resources */,
				7EDA2AD2160D758B00B40202 /* CWNotesListViewController.xib in Resources */,
				7E1306921610CB91002F038E /* CWNotesDetailViewController.xib in Resources */,
				7EFE1B0E16136DFE00D36412 /* CWLibraryBrowserViewController.xib in Resources */,
				7E3C427216186E7700A788EB /* CWMessagingViewController.xib in Resources */,
				7E3C42771618769F00A788EB /* CWMessageDetailView.xib in Resources */,
				7EB6AB9E16210C890089ACC4 /* CWAccountManagerViewController.xib in Resources */,
				7EB6ABA316210C9C0089ACC4 /* CWSettingsViewController.xib in Resources */,
				7EB6ABA816210CA70089ACC4 /* CWHelpViewController.xib in Resources */,
				7EBE282A1625CB5A00742DFC /* CWEvaluationTestViewController.xib in Resources */,
				7E6E43931627386A00B43D7B /* Default-Landscape~ipad.png in Resources */,
				7E6E43971627398900B43D7B /* icon-144.png in Resources */,
				7E6E43991627398D00B43D7B /* icon-72.png in Resources */,
			);
			runOnlyForDeploymentPostprocessing = 0;
		};
		7ECB48FF15E9EF7C00F850E9 /* Resources */ = {
			isa = PBXResourcesBuildPhase;
			buildActionMask = 2147483647;
			files = (
				7ECB490F15E9EF7C00F850E9 /* InfoPlist.strings in Resources */,
			);
			runOnlyForDeploymentPostprocessing = 0;
		};
/* End PBXResourcesBuildPhase section */

/* Begin PBXShellScriptBuildPhase section */
		7ECB490015E9EF7C00F850E9 /* ShellScript */ = {
			isa = PBXShellScriptBuildPhase;
			buildActionMask = 2147483647;
			files = (
			);
			inputPaths = (
			);
			outputPaths = (
			);
			runOnlyForDeploymentPostprocessing = 0;
			shellPath = /bin/sh;
			shellScript = "# Run the unit tests in this test bundle.\n\"${SYSTEM_DEVELOPER_DIR}/Tools/RunUnitTests\"\n";
		};
/* End PBXShellScriptBuildPhase section */

/* Begin PBXSourcesBuildPhase section */
		7ECB48D215E9EF7C00F850E9 /* Sources */ = {
			isa = PBXSourcesBuildPhase;
			buildActionMask = 2147483647;
			files = (
				7ECB48E915E9EF7C00F850E9 /* main.m in Sources */,
				7ECB48ED15E9EF7C00F850E9 /* CWAppDelegate.m in Sources */,
				7ECB48F015E9EF7C00F850E9 /* Courseware.xcdatamodeld in Sources */,
				7EEB7C4B15F2D834009DAE94 /* CWUserLoginViewController.m in Sources */,
				7E9C850F15FAC873002AB343 /* CWAccountManager.m in Sources */,
				7E9C851215FAC8BC002AB343 /* SLCoreDataManager.m in Sources */,
				7EFBF7C915FADF13001CCCB2 /* NSString+SLUtilities.m in Sources */,
				7EFBF7CE15FAF14A001CCCB2 /* CWHomeViewController.m in Sources */,
				7EFBF7D415FAF429001CCCB2 /* CWNavigationBar.m in Sources */,
				7EFBF7D715FAF4B4001CCCB2 /* CWBrowserPaneView.m in Sources */,
				7EFBF7DA15FAF65B001CCCB2 /* CWUserStatusPanelView.m in Sources */,
				7EFBF7DD15FAF8E8001CCCB2 /* CWRecentReadingsPanelView.m in Sources */,
				7E30E2C915FC3A3E00422EEE /* CWCourseItem.m in Sources */,
				7E30E2D215FC3F0A00422EEE /* CWCourseManager.m in Sources */,
				7E30E2E215FC4BD700422EEE /* CWCourseListFileLoader.m in Sources */,
				7EC8AD2F15FCA6AA00ED9E27 /* CWUserStatusPanelController.m in Sources */,
				7EC8AD3515FCA83200ED9E27 /* CWRecentReadingsPanelController.m in Sources */,
				7EC8AD3815FCA95300ED9E27 /* CWConstants.m in Sources */,
				7EC8AD3D15FCC84300ED9E27 /* CWBrowserPaneController.m in Sources */,
				7E20B5E415FE326B004DBAC1 /* SLSlideMenuView.m in Sources */,
				7E20B5EA15FE3477004DBAC1 /* SLSlideMenuController.m in Sources */,
				7EEF0E7115FF916A00122C0F /* CWCourseListingViewController.m in Sources */,
				7E2F63D4160477020064605C /* CWCourseListingScreenModel.m in Sources */,
				7E5E368116057E4B00EE508B /* CGPDFDocument.m in Sources */,
				7E5E368216057E4B00EE508B /* ReaderConstants.m in Sources */,
				7E5E368316057E4B00EE508B /* ReaderContentPage.m in Sources */,
				7E5E368416057E4B00EE508B /* ReaderContentTile.m in Sources */,
				7E5E368516057E4B00EE508B /* ReaderContentView.m in Sources */,
				7E5E368616057E4B00EE508B /* ReaderDocument.m in Sources */,
				7E5E368716057E4B00EE508B /* ReaderMainPagebar.m in Sources */,
				7E5E368816057E4B00EE508B /* ReaderMainToolbar.m in Sources */,
				7E5E368916057E4B00EE508B /* ReaderThumbCache.m in Sources */,
				7E5E368A16057E4B00EE508B /* ReaderThumbFetch.m in Sources */,
				7E5E368B16057E4B00EE508B /* ReaderThumbQueue.m in Sources */,
				7E5E368C16057E4B00EE508B /* ReaderThumbRender.m in Sources */,
				7E5E368D16057E4B00EE508B /* ReaderThumbRequest.m in Sources */,
				7E5E368E16057E4B00EE508B /* ReaderThumbsView.m in Sources */,
				7E5E368F16057E4B00EE508B /* ReaderThumbView.m in Sources */,
				7E5E369016057E4B00EE508B /* ReaderViewController.m in Sources */,
				7E5E369116057E4B00EE508B /* ThumbsMainToolbar.m in Sources */,
				7E5E369216057E4B00EE508B /* ThumbsViewController.m in Sources */,
				7E5E369316057E4B00EE508B /* UIXToolbarView.m in Sources */,
				7E291F8116060E2200C7BD8E /* CWCourseReaderViewController.m in Sources */,
				7E291F861606119500C7BD8E /* CWBottomToolbar.m in Sources */,
				7E291F891606172100C7BD8E /* CWCourseReaderModel.m in Sources */,
				7E291F901606181500C7BD8E /* CWUtilities.m in Sources */,
				7E71984B1609494600CA0F7D /* CWNavigationBarController.m in Sources */,
				7E3E7B9D160A229B00849255 /* CWCourseDocumentView.m in Sources */,
				7EDA2ACA160D728300B40202 /* CWBottomToolbarController.m in Sources */,
				7EDA2AD1160D758B00B40202 /* CWNotesListViewController.m in Sources */,
				7EDA2ADB160D802300B40202 /* CWNote.m in Sources */,
				7EDA2AE7160D86B800B40202 /* CWNotesManager.m in Sources */,
				7EED6207160DDCB400E688B6 /* CWNotesListingModel.m in Sources */,
				7EED6210160E010700E688B6 /* CWNotesDetailViewController.m in Sources */,
				7EFA3578160E11A600936F45 /* CWNotesDetailModel.m in Sources */,
				7EFE1B0D16136DFE00D36412 /* CWLibraryBrowserViewController.m in Sources */,
				7EFE1B121613711300D36412 /* GMGridView.m in Sources */,
				7EFE1B1D161372DD00D36412 /* GMGridViewCell.m in Sources */,
				7EFE1B1E161372DD00D36412 /* GMGridViewLayoutStrategies.m in Sources */,
				7EFE1B1F161372DD00D36412 /* UIGestureRecognizer+GMGridViewAdditions.m in Sources */,
				7EFE1B20161372DD00D36412 /* UIView+GMGridViewAdditions.m in Sources */,
				7E9B943E161741D200F39337 /* CWAccount.m in Sources */,
				7E3C427116186E7700A788EB /* CWMessagingViewController.m in Sources */,
				7E3C42751618768700A788EB /* CWMessageDetailView.m in Sources */,
				7E3C427A1618782E00A788EB /* CWMessagingModel.m in Sources */,
				7E3C427D161880A100A788EB /* CWMessagesManager.m in Sources */,
				7E3C4280161885F600A788EB /* CWMessage.m in Sources */,
				7EB6AB9D16210C890089ACC4 /* CWAccountManagerViewController.m in Sources */,
				7EB6ABA216210C9C0089ACC4 /* CWSettingsViewController.m in Sources */,
				7EB6ABA716210CA70089ACC4 /* CWHelpViewController.m in Sources */,
				7EB6ABAB1621706C0089ACC4 /* SLTextInputAutoFocusHelper.m in Sources */,
				7EBE28291625CB5A00742DFC /* CWEvaluationTestViewController.m in Sources */,
			);
			runOnlyForDeploymentPostprocessing = 0;
		};
		7ECB48FD15E9EF7C00F850E9 /* Sources */ = {
			isa = PBXSourcesBuildPhase;
			buildActionMask = 2147483647;
			files = (
				7ECB491215E9EF7C00F850E9 /* CoursewareTests.m in Sources */,
			);
			runOnlyForDeploymentPostprocessing = 0;
		};
/* End PBXSourcesBuildPhase section */

/* Begin PBXTargetDependency section */
		7ECB490915E9EF7C00F850E9 /* PBXTargetDependency */ = {
			isa = PBXTargetDependency;
			target = 7ECB48D515E9EF7C00F850E9 /* Courseware */;
			targetProxy = 7ECB490815E9EF7C00F850E9 /* PBXContainerItemProxy */;
		};
/* End PBXTargetDependency section */

/* Begin PBXVariantGroup section */
		7ECB48E515E9EF7C00F850E9 /* InfoPlist.strings */ = {
			isa = PBXVariantGroup;
			children = (
				7ECB48E615E9EF7C00F850E9 /* en */,
			);
			name = InfoPlist.strings;
			sourceTree = "<group>";
		};
		7ECB490D15E9EF7C00F850E9 /* InfoPlist.strings */ = {
			isa = PBXVariantGroup;
			children = (
				7ECB490E15E9EF7C00F850E9 /* en */,
			);
			name = InfoPlist.strings;
			sourceTree = "<group>";
		};
/* End PBXVariantGroup section */

/* Begin XCBuildConfiguration section */
		7ECB491315E9EF7C00F850E9 /* Debug */ = {
			isa = XCBuildConfiguration;
			buildSettings = {
				ALWAYS_SEARCH_USER_PATHS = NO;
				ARCHS = "$(ARCHS_STANDARD_32_BIT)";
				CLANG_CXX_LANGUAGE_STANDARD = "gnu++0x";
				CLANG_WARN__DUPLICATE_METHOD_MATCH = YES;
				"CODE_SIGN_IDENTITY[sdk=iphoneos*]" = "iPhone Developer";
				COPY_PHASE_STRIP = NO;
				GCC_C_LANGUAGE_STANDARD = gnu99;
				GCC_DYNAMIC_NO_PIC = NO;
				GCC_OPTIMIZATION_LEVEL = 0;
				GCC_PREPROCESSOR_DEFINITIONS = (
					"DEBUG=1",
					"$(inherited)",
				);
				GCC_SYMBOLS_PRIVATE_EXTERN = NO;
				GCC_VERSION = com.apple.compilers.llvm.clang.1_0;
				GCC_WARN_ABOUT_RETURN_TYPE = YES;
				GCC_WARN_UNINITIALIZED_AUTOS = YES;
				GCC_WARN_UNUSED_VARIABLE = YES;
				IPHONEOS_DEPLOYMENT_TARGET = 5.1;
				SDKROOT = iphoneos;
				TARGETED_DEVICE_FAMILY = 2;
			};
			name = Debug;
		};
		7ECB491415E9EF7C00F850E9 /* Release */ = {
			isa = XCBuildConfiguration;
			buildSettings = {
				ALWAYS_SEARCH_USER_PATHS = NO;
				ARCHS = "$(ARCHS_STANDARD_32_BIT)";
				CLANG_CXX_LANGUAGE_STANDARD = "gnu++0x";
				CLANG_WARN__DUPLICATE_METHOD_MATCH = YES;
				"CODE_SIGN_IDENTITY[sdk=iphoneos*]" = "iPhone Developer";
				COPY_PHASE_STRIP = YES;
				GCC_C_LANGUAGE_STANDARD = gnu99;
				GCC_VERSION = com.apple.compilers.llvm.clang.1_0;
				GCC_WARN_ABOUT_RETURN_TYPE = YES;
				GCC_WARN_UNINITIALIZED_AUTOS = YES;
				GCC_WARN_UNUSED_VARIABLE = YES;
				IPHONEOS_DEPLOYMENT_TARGET = 5.1;
				OTHER_CFLAGS = "-DNS_BLOCK_ASSERTIONS=1";
				SDKROOT = iphoneos;
				TARGETED_DEVICE_FAMILY = 2;
				VALIDATE_PRODUCT = YES;
			};
			name = Release;
		};
		7ECB491615E9EF7C00F850E9 /* Debug */ = {
			isa = XCBuildConfiguration;
			buildSettings = {
				CLANG_ENABLE_OBJC_ARC = YES;
				FRAMEWORK_SEARCH_PATHS = "$(inherited)";
				GCC_PRECOMPILE_PREFIX_HEADER = YES;
				GCC_PREFIX_HEADER = "Courseware/Courseware-Prefix.pch";
				INFOPLIST_FILE = "Courseware/Courseware-Info.plist";
				IPHONEOS_DEPLOYMENT_TARGET = 5.0;
				LIBRARY_SEARCH_PATHS = "";
				PRODUCT_NAME = "$(TARGET_NAME)";
				WRAPPER_EXTENSION = app;
			};
			name = Debug;
		};
		7ECB491715E9EF7C00F850E9 /* Release */ = {
			isa = XCBuildConfiguration;
			buildSettings = {
				CLANG_ENABLE_OBJC_ARC = YES;
				FRAMEWORK_SEARCH_PATHS = "$(inherited)";
				GCC_PRECOMPILE_PREFIX_HEADER = YES;
				GCC_PREFIX_HEADER = "Courseware/Courseware-Prefix.pch";
				INFOPLIST_FILE = "Courseware/Courseware-Info.plist";
				IPHONEOS_DEPLOYMENT_TARGET = 5.0;
				LIBRARY_SEARCH_PATHS = "";
				PRODUCT_NAME = "$(TARGET_NAME)";
				WRAPPER_EXTENSION = app;
			};
			name = Release;
		};
		7ECB491915E9EF7C00F850E9 /* Debug */ = {
			isa = XCBuildConfiguration;
			buildSettings = {
				BUNDLE_LOADER = "$(BUILT_PRODUCTS_DIR)/Courseware.app/Courseware";
				CLANG_ENABLE_OBJC_ARC = YES;
				FRAMEWORK_SEARCH_PATHS = (
					"\"$(SDKROOT)/Developer/Library/Frameworks\"",
					"\"$(DEVELOPER_LIBRARY_DIR)/Frameworks\"",
				);
				GCC_PRECOMPILE_PREFIX_HEADER = YES;
				GCC_PREFIX_HEADER = "Courseware/Courseware-Prefix.pch";
				INFOPLIST_FILE = "CoursewareTests/CoursewareTests-Info.plist";
				PRODUCT_NAME = "$(TARGET_NAME)";
				TEST_HOST = "$(BUNDLE_LOADER)";
				WRAPPER_EXTENSION = octest;
			};
			name = Debug;
		};
		7ECB491A15E9EF7C00F850E9 /* Release */ = {
			isa = XCBuildConfiguration;
			buildSettings = {
				BUNDLE_LOADER = "$(BUILT_PRODUCTS_DIR)/Courseware.app/Courseware";
				CLANG_ENABLE_OBJC_ARC = YES;
				FRAMEWORK_SEARCH_PATHS = (
					"\"$(SDKROOT)/Developer/Library/Frameworks\"",
					"\"$(DEVELOPER_LIBRARY_DIR)/Frameworks\"",
				);
				GCC_PRECOMPILE_PREFIX_HEADER = YES;
				GCC_PREFIX_HEADER = "Courseware/Courseware-Prefix.pch";
				INFOPLIST_FILE = "CoursewareTests/CoursewareTests-Info.plist";
				PRODUCT_NAME = "$(TARGET_NAME)";
				TEST_HOST = "$(BUNDLE_LOADER)";
				WRAPPER_EXTENSION = octest;
			};
			name = Release;
		};
/* End XCBuildConfiguration section */

/* Begin XCConfigurationList section */
		7ECB48D015E9EF7C00F850E9 /* Build configuration list for PBXProject "Courseware" */ = {
			isa = XCConfigurationList;
			buildConfigurations = (
				7ECB491315E9EF7C00F850E9 /* Debug */,
				7ECB491415E9EF7C00F850E9 /* Release */,
			);
			defaultConfigurationIsVisible = 0;
			defaultConfigurationName = Release;
		};
		7ECB491515E9EF7C00F850E9 /* Build configuration list for PBXNativeTarget "Courseware" */ = {
			isa = XCConfigurationList;
			buildConfigurations = (
				7ECB491615E9EF7C00F850E9 /* Debug */,
				7ECB491715E9EF7C00F850E9 /* Release */,
			);
			defaultConfigurationIsVisible = 0;
			defaultConfigurationName = Release;
		};
		7ECB491815E9EF7C00F850E9 /* Build configuration list for PBXNativeTarget "CoursewareTests" */ = {
			isa = XCConfigurationList;
			buildConfigurations = (
				7ECB491915E9EF7C00F850E9 /* Debug */,
				7ECB491A15E9EF7C00F850E9 /* Release */,
			);
			defaultConfigurationIsVisible = 0;
			defaultConfigurationName = Release;
		};
/* End XCConfigurationList section */

/* Begin XCVersionGroup section */
		7ECB48EE15E9EF7C00F850E9 /* Courseware.xcdatamodeld */ = {
			isa = XCVersionGroup;
			children = (
				7ECB48EF15E9EF7C00F850E9 /* Courseware.xcdatamodel */,
			);
			currentVersion = 7ECB48EF15E9EF7C00F850E9 /* Courseware.xcdatamodel */;
			name = Courseware.xcdatamodeld;
			path = ../../Courseware.xcdatamodeld;
			sourceTree = "<group>";
			versionGroupType = wrapper.xcdatamodel;
		};
/* End XCVersionGroup section */
	};
	rootObject = 7ECB48CD15E9EF7C00F850E9 /* Project object */;
}
